
Microsoft Visual Studio Solution File, Format Version 9.00
# Visual Studio 2005
Project("{2150E333-8FDC-42A3-9474-1A3956D46DE8}") = "Common", "Common", "{8BC2F418-26E0-454F-94D1-D32EB2212FCB}"
EndProject
Project("{2150E333-8FDC-42A3-9474-1A3956D46DE8}") = "Shell", "Shell", "{19F7D0D1-4317-4F6F-8297-60984AD99BFE}"
EndProject
Project("{2150E333-8FDC-42A3-9474-1A3956D46DE8}") = "Word", "Word", "{D0B15A59-98A0-4839-B321-A48E69101DF7}"
EndProject
Project("{2150E333-8FDC-42A3-9474-1A3956D46DE8}") = "Presentation", "Presentation", "{8BCA40CA-460E-42AE-A44D-0642957B3749}"
EndProject
Project("{2150E333-8FDC-42A3-9474-1A3956D46DE8}") = "Spreadsheet", "Spreadsheet", "{921169EE-9A48-4083-9CAB-B7947DBB4AD1}"
EndProject
Project("{FAE04EC0-301F-11D3-BF4B-00C04F79EFBC}") = "OdfConverterLib", "Common\OdfConverterLib\OdfConverterLib.csproj", "{8CB777EB-36ED-45D8-84FF-BDD64AD5026E}"
EndProject
Project("{FAE04EC0-301F-11D3-BF4B-00C04F79EFBC}") = "OdfZipUtils", "Common\OdfZipUtils\OdfZipUtils.csproj", "{E51CB999-A720-4165-9DF2-A3E49547A40B}"
EndProject
Project("{2150E333-8FDC-42A3-9474-1A3956D46DE8}") = "Setup", "Setup", "{05D4C0EB-A6B0-4551-AFB0-EAD538D2C3A4}"
EndProject
Project("{FAE04EC0-301F-11D3-BF4B-00C04F79EFBC}") = "OdfConverterLauncher", "Shell\OdfConverterLauncher\OdfConverterLauncher.csproj", "{2FFDBC2D-0F7E-485E-9548-47CDBD7FE3C6}"
EndProject
Project("{FAE04EC0-301F-11D3-BF4B-00C04F79EFBC}") = "CommandLineTool", "Shell\OdfConverterTest\CommandLineTool.csproj", "{289C4B72-B929-4E3D-808F-F622E275AC70}"
EndProject
Project("{FAE04EC0-301F-11D3-BF4B-00C04F79EFBC}") = "OdfWord2003Addin", "Word\OdfWord2003Addin\OdfWord2003Addin.csproj", "{82DF891A-E0DE-42CB-9941-AF0DFBCDCCDF}"
EndProject
Project("{FAE04EC0-301F-11D3-BF4B-00C04F79EFBC}") = "OdfWord2007AddIn", "Word\OdfWord2007AddIn\OdfWord2007AddIn.csproj", "{CBCC62ED-16A9-4FB0-9B68-EF715763E5D0}"
EndProject
Project("{FAE04EC0-301F-11D3-BF4B-00C04F79EFBC}") = "OdfWordXPAddin", "Word\OdfWordXPAddin\OdfWordXPAddin.csproj", "{EADC5454-8DF0-4B0F-B20F-5C36136C054C}"
EndProject
Project("{54435603-DBB4-11D2-8724-00A0C9A8B90C}") = "OdfAddInForWordSetup", "Word\Setup\OdfAddInForWordSetup\OdfAddInForWordSetup.vdproj", "{780B03C7-B819-4E62-AD38-E62EB71EA051}"
EndProject
Project("{54435603-DBB4-11D2-8724-00A0C9A8B90C}") = "OdfAddInForWordSetup-de", "Word\Setup\OdfAddInForWordSetup-de\OdfAddInForWordSetup-de.vdproj", "{E295B7D0-C466-4121-9F32-DAD06067D7B4}"
EndProject
Project("{54435603-DBB4-11D2-8724-00A0C9A8B90C}") = "OdfAddInForWordSetup-fr", "Word\Setup\OdfAddInForWordSetup-fr\OdfAddInForWordSetup-fr.vdproj", "{0A04F05F-EB4D-433C-B81B-51C784C14D31}"
EndProject
Project("{54435603-DBB4-11D2-8724-00A0C9A8B90C}") = "OdfAddInForWordSetup-nl", "Word\Setup\OdfAddInForWordSetup-nl\OdfAddInForWordSetup-nl.vdproj", "{D06B7BC0-638A-4043-8941-76BA12B4E813}"
EndProject
Project("{54435603-DBB4-11D2-8724-00A0C9A8B90C}") = "OdfAddInForWordSetup-pl", "Word\Setup\OdfAddInForWordSetup-pl\OdfAddInForWordSetup-pl.vdproj", "{C9577E7C-5012-4886-9210-7F81DAFCC177}"
EndProject
Project("{FAE04EC0-301F-11D3-BF4B-00C04F79EFBC}") = "Converter", "Presentation\Converter\Converter.csproj", "{D6E88E6E-B1B4-46B0-BC93-DDD4785865DF}"
EndProject
Project("{FAE04EC0-301F-11D3-BF4B-00C04F79EFBC}") = "Converter", "Word\Converter\Converter.csproj", "{F9071930-348E-4A30-A0F6-A1A3DF3A587B}"
EndProject
Project("{FAE04EC0-301F-11D3-BF4B-00C04F79EFBC}") = "OdfAddinLib", "Common\OdfAddinLib\OdfAddinLib.csproj", "{599773FF-1E86-4AC2-8B24-34BBAC707370}"
EndProject
Project("{FAE04EC0-301F-11D3-BF4B-00C04F79EFBC}") = "Addin", "Word\Add-In\Addin.csproj", "{CB7A2D8C-3159-4FCE-8256-2B7D450A462C}"
EndProject
Project("{FAE04EC0-301F-11D3-BF4B-00C04F79EFBC}") = "Converter", "Spreadsheet\Converter\Converter.csproj", "{E7055581-7C0C-429F-8134-99D3413C5756}"
EndProject
Project("{FAE04EC0-301F-11D3-BF4B-00C04F79EFBC}") = "Addin", "Spreadsheet\Addin\Addin.csproj", "{792B426E-9ED5-414C-9853-98137AE0CC50}"
EndProject
Project("{FAE04EC0-301F-11D3-BF4B-00C04F79EFBC}") = "OdfExcel2007Addin", "Spreadsheet\OdfExcel2007Addin\OdfExcel2007Addin.csproj", "{44851BA9-366B-4DAB-BB05-9E4CF24601AA}"
EndProject
Project("{FAE04EC0-301F-11D3-BF4B-00C04F79EFBC}") = "OdfExcel2003Addin", "Spreadsheet\OdfExcel2003Addin\OdfExcel2003Addin.csproj", "{9065A728-701B-4B99-91FB-2A36E8E2C3C7}"
EndProject
Project("{54435603-DBB4-11D2-8724-00A0C9A8B90C}") = "OdfExcel2003AddinSetup", "Spreadsheet\OdfExcel2003Addin\OdfExcel2003AddinSetup\OdfExcel2003AddinSetup.vdproj", "{BFE656A5-E82D-4E47-9546-99880C0B67E3}"
EndProject
Project("{FAE04EC0-301F-11D3-BF4B-00C04F79EFBC}") = "OdfExcelXPAddin", "Spreadsheet\OdfExcelXPAddin\OdfExcelXPAddin.csproj", "{1BA6DE1B-711A-4AD8-A35F-38928992E5F6}"
EndProject
Project("{54435603-DBB4-11D2-8724-00A0C9A8B90C}") = "OdfExcelXPAddinSetup", "Spreadsheet\OdfExcelXPAddin\OdfExcelXPAddinSetup\OdfExcelXPAddinSetup.vdproj", "{BBD3B54C-9302-464A-AEB1-F4F970BBC8B9}"
EndProject
Project("{54435603-DBB4-11D2-8724-00A0C9A8B90C}") = "OdfExcel2007AddinSetup", "Spreadsheet\OdfExcel2007Addin\OdfExcel2007AddinSetup\OdfExcel2007AddinSetup.vdproj", "{DD0CC5D8-C9C7-495F-9CF2-6AAF4CE1178E}"
EndProject
Project("{FAE04EC0-301F-11D3-BF4B-00C04F79EFBC}") = "Addin", "Presentation\Addin\Addin.csproj", "{0EACD55D-3D67-4E42-9714-8142EAF8246A}"
EndProject
Project("{FAE04EC0-301F-11D3-BF4B-00C04F79EFBC}") = "OdfPPT2007Addin", "Presentation\OdfPPT2007Addin\OdfPPT2007Addin.csproj", "{9A212D52-99FD-4366-A465-6C1A79B5720E}"
EndProject
Project("{54435603-DBB4-11D2-8724-00A0C9A8B90C}") = "OdfPPT2007AddinSetup", "Presentation\OdfPPT2007Addin\OdfPPT2007AddinSetup\OdfPPT2007AddinSetup.vdproj", "{9EEA5C73-8790-4DCA-8B04-F77AF5C17A4C}"
EndProject
Project("{FAE04EC0-301F-11D3-BF4B-00C04F79EFBC}") = "OdfPPT2003Addin", "Presentation\OdfPPT2003Addin\OdfPPT2003Addin.csproj", "{AE45A9DA-E571-491B-9695-A5690797E8A8}"
EndProject
Project("{54435603-DBB4-11D2-8724-00A0C9A8B90C}") = "OdfPPT2003AddinSetup", "Presentation\OdfPPT2003Addin\OdfPPT2003AddinSetup\OdfPPT2003AddinSetup.vdproj", "{805CEAE4-4159-4AEB-BE85-0C92D8DBD801}"
EndProject
Project("{FAE04EC0-301F-11D3-BF4B-00C04F79EFBC}") = "OdfPPTXPAddin", "Presentation\OdfPPTXPAddin\OdfPPTXPAddin.csproj", "{505B4BD9-AB8F-456C-9523-096C86D96CD7}"
EndProject
Project("{54435603-DBB4-11D2-8724-00A0C9A8B90C}") = "OdfPPTXPAddinSetup", "Presentation\OdfPPTXPAddin\OdfPPTXPAddinSetup\OdfPPTXPAddinSetup.vdproj", "{8C9A5EBC-D752-4650-9EEE-0B6B429C63A6}"
EndProject
Project("{54435603-DBB4-11D2-8724-00A0C9A8B90C}") = "OdfAddInForWordSetup-ja", "Word\Setup\OdfConverterForWordSetup-ja\OdfAddInForWordSetup-ja.vdproj", "{E37B280C-A542-40BF-A8F4-F5D170977922}"
EndProject
Global
	GlobalSection(SolutionConfigurationPlatforms) = preSolution
		Debug|Any CPU = Debug|Any CPU
		Release|Any CPU = Release|Any CPU
	EndGlobalSection
	GlobalSection(ProjectConfigurationPlatforms) = postSolution
		{8CB777EB-36ED-45D8-84FF-BDD64AD5026E}.Debug|Any CPU.ActiveCfg = Debug|Any CPU
		{8CB777EB-36ED-45D8-84FF-BDD64AD5026E}.Debug|Any CPU.Build.0 = Debug|Any CPU
		{8CB777EB-36ED-45D8-84FF-BDD64AD5026E}.Release|Any CPU.ActiveCfg = Release|Any CPU
		{8CB777EB-36ED-45D8-84FF-BDD64AD5026E}.Release|Any CPU.Build.0 = Release|Any CPU
		{E51CB999-A720-4165-9DF2-A3E49547A40B}.Debug|Any CPU.ActiveCfg = Debug|Any CPU
		{E51CB999-A720-4165-9DF2-A3E49547A40B}.Debug|Any CPU.Build.0 = Debug|Any CPU
		{E51CB999-A720-4165-9DF2-A3E49547A40B}.Release|Any CPU.ActiveCfg = Release|Any CPU
		{E51CB999-A720-4165-9DF2-A3E49547A40B}.Release|Any CPU.Build.0 = Release|Any CPU
		{2FFDBC2D-0F7E-485E-9548-47CDBD7FE3C6}.Debug|Any CPU.ActiveCfg = Debug|Any CPU
		{2FFDBC2D-0F7E-485E-9548-47CDBD7FE3C6}.Debug|Any CPU.Build.0 = Debug|Any CPU
		{2FFDBC2D-0F7E-485E-9548-47CDBD7FE3C6}.Release|Any CPU.ActiveCfg = Release|Any CPU
		{2FFDBC2D-0F7E-485E-9548-47CDBD7FE3C6}.Release|Any CPU.Build.0 = Release|Any CPU
		{289C4B72-B929-4E3D-808F-F622E275AC70}.Debug|Any CPU.ActiveCfg = Debug|Any CPU
		{289C4B72-B929-4E3D-808F-F622E275AC70}.Debug|Any CPU.Build.0 = Debug|Any CPU
		{289C4B72-B929-4E3D-808F-F622E275AC70}.Release|Any CPU.ActiveCfg = Release|Any CPU
		{289C4B72-B929-4E3D-808F-F622E275AC70}.Release|Any CPU.Build.0 = Release|Any CPU
		{82DF891A-E0DE-42CB-9941-AF0DFBCDCCDF}.Debug|Any CPU.ActiveCfg = Debug|Any CPU
		{82DF891A-E0DE-42CB-9941-AF0DFBCDCCDF}.Debug|Any CPU.Build.0 = Debug|Any CPU
		{82DF891A-E0DE-42CB-9941-AF0DFBCDCCDF}.Release|Any CPU.ActiveCfg = Release|Any CPU
		{82DF891A-E0DE-42CB-9941-AF0DFBCDCCDF}.Release|Any CPU.Build.0 = Release|Any CPU
		{CBCC62ED-16A9-4FB0-9B68-EF715763E5D0}.Debug|Any CPU.ActiveCfg = Debug|Any CPU
		{CBCC62ED-16A9-4FB0-9B68-EF715763E5D0}.Debug|Any CPU.Build.0 = Debug|Any CPU
		{CBCC62ED-16A9-4FB0-9B68-EF715763E5D0}.Release|Any CPU.ActiveCfg = Release|Any CPU
		{CBCC62ED-16A9-4FB0-9B68-EF715763E5D0}.Release|Any CPU.Build.0 = Release|Any CPU
		{EADC5454-8DF0-4B0F-B20F-5C36136C054C}.Debug|Any CPU.ActiveCfg = Debug|Any CPU
		{EADC5454-8DF0-4B0F-B20F-5C36136C054C}.Debug|Any CPU.Build.0 = Debug|Any CPU
		{EADC5454-8DF0-4B0F-B20F-5C36136C054C}.Release|Any CPU.ActiveCfg = Release|Any CPU
		{EADC5454-8DF0-4B0F-B20F-5C36136C054C}.Release|Any CPU.Build.0 = Release|Any CPU
		{780B03C7-B819-4E62-AD38-E62EB71EA051}.Debug|Any CPU.ActiveCfg = Debug
		{780B03C7-B819-4E62-AD38-E62EB71EA051}.Release|Any CPU.ActiveCfg = Release
		{E295B7D0-C466-4121-9F32-DAD06067D7B4}.Debug|Any CPU.ActiveCfg = Debug
		{E295B7D0-C466-4121-9F32-DAD06067D7B4}.Release|Any CPU.ActiveCfg = Release
		{0A04F05F-EB4D-433C-B81B-51C784C14D31}.Debug|Any CPU.ActiveCfg = Debug
		{0A04F05F-EB4D-433C-B81B-51C784C14D31}.Release|Any CPU.ActiveCfg = Release
		{D06B7BC0-638A-4043-8941-76BA12B4E813}.Debug|Any CPU.ActiveCfg = Debug
		{D06B7BC0-638A-4043-8941-76BA12B4E813}.Release|Any CPU.ActiveCfg = Release
		{C9577E7C-5012-4886-9210-7F81DAFCC177}.Debug|Any CPU.ActiveCfg = Debug
		{C9577E7C-5012-4886-9210-7F81DAFCC177}.Release|Any CPU.ActiveCfg = Release
		{D6E88E6E-B1B4-46B0-BC93-DDD4785865DF}.Debug|Any CPU.ActiveCfg = Debug|Any CPU
		{D6E88E6E-B1B4-46B0-BC93-DDD4785865DF}.Debug|Any CPU.Build.0 = Debug|Any CPU
		{D6E88E6E-B1B4-46B0-BC93-DDD4785865DF}.Release|Any CPU.ActiveCfg = Release|Any CPU
		{D6E88E6E-B1B4-46B0-BC93-DDD4785865DF}.Release|Any CPU.Build.0 = Release|Any CPU
		{F9071930-348E-4A30-A0F6-A1A3DF3A587B}.Debug|Any CPU.ActiveCfg = Debug|Any CPU
		{F9071930-348E-4A30-A0F6-A1A3DF3A587B}.Debug|Any CPU.Build.0 = Debug|Any CPU
		{F9071930-348E-4A30-A0F6-A1A3DF3A587B}.Release|Any CPU.ActiveCfg = Release|Any CPU
		{F9071930-348E-4A30-A0F6-A1A3DF3A587B}.Release|Any CPU.Build.0 = Release|Any CPU
		{599773FF-1E86-4AC2-8B24-34BBAC707370}.Debug|Any CPU.ActiveCfg = Debug|Any CPU
		{599773FF-1E86-4AC2-8B24-34BBAC707370}.Debug|Any CPU.Build.0 = Debug|Any CPU
		{599773FF-1E86-4AC2-8B24-34BBAC707370}.Release|Any CPU.ActiveCfg = Release|Any CPU
		{599773FF-1E86-4AC2-8B24-34BBAC707370}.Release|Any CPU.Build.0 = Release|Any CPU
		{CB7A2D8C-3159-4FCE-8256-2B7D450A462C}.Debug|Any CPU.ActiveCfg = Debug|Any CPU
		{CB7A2D8C-3159-4FCE-8256-2B7D450A462C}.Debug|Any CPU.Build.0 = Debug|Any CPU
		{CB7A2D8C-3159-4FCE-8256-2B7D450A462C}.Release|Any CPU.ActiveCfg = Release|Any CPU
		{CB7A2D8C-3159-4FCE-8256-2B7D450A462C}.Release|Any CPU.Build.0 = Release|Any CPU
		{E7055581-7C0C-429F-8134-99D3413C5756}.Debug|Any CPU.ActiveCfg = Debug|Any CPU
		{E7055581-7C0C-429F-8134-99D3413C5756}.Debug|Any CPU.Build.0 = Debug|Any CPU
		{E7055581-7C0C-429F-8134-99D3413C5756}.Release|Any CPU.ActiveCfg = Release|Any CPU
		{E7055581-7C0C-429F-8134-99D3413C5756}.Release|Any CPU.Build.0 = Release|Any CPU
		{792B426E-9ED5-414C-9853-98137AE0CC50}.Debug|Any CPU.ActiveCfg = Debug|Any CPU
		{792B426E-9ED5-414C-9853-98137AE0CC50}.Debug|Any CPU.Build.0 = Debug|Any CPU
		{792B426E-9ED5-414C-9853-98137AE0CC50}.Release|Any CPU.ActiveCfg = Release|Any CPU
		{792B426E-9ED5-414C-9853-98137AE0CC50}.Release|Any CPU.Build.0 = Release|Any CPU
		{44851BA9-366B-4DAB-BB05-9E4CF24601AA}.Debug|Any CPU.ActiveCfg = Debug|Any CPU
		{44851BA9-366B-4DAB-BB05-9E4CF24601AA}.Debug|Any CPU.Build.0 = Debug|Any CPU
		{44851BA9-366B-4DAB-BB05-9E4CF24601AA}.Release|Any CPU.ActiveCfg = Release|Any CPU
		{44851BA9-366B-4DAB-BB05-9E4CF24601AA}.Release|Any CPU.Build.0 = Release|Any CPU
		{9065A728-701B-4B99-91FB-2A36E8E2C3C7}.Debug|Any CPU.ActiveCfg = Debug|Any CPU
		{9065A728-701B-4B99-91FB-2A36E8E2C3C7}.Debug|Any CPU.Build.0 = Debug|Any CPU
		{9065A728-701B-4B99-91FB-2A36E8E2C3C7}.Release|Any CPU.ActiveCfg = Release|Any CPU
		{9065A728-701B-4B99-91FB-2A36E8E2C3C7}.Release|Any CPU.Build.0 = Release|Any CPU
		{BFE656A5-E82D-4E47-9546-99880C0B67E3}.Debug|Any CPU.ActiveCfg = Debug
		{BFE656A5-E82D-4E47-9546-99880C0B67E3}.Debug|Any CPU.Build.0 = Debug
		{BFE656A5-E82D-4E47-9546-99880C0B67E3}.Release|Any CPU.ActiveCfg = Release
		{BFE656A5-E82D-4E47-9546-99880C0B67E3}.Release|Any CPU.Build.0 = Release
		{1BA6DE1B-711A-4AD8-A35F-38928992E5F6}.Debug|Any CPU.ActiveCfg = Debug|Any CPU
		{1BA6DE1B-711A-4AD8-A35F-38928992E5F6}.Debug|Any CPU.Build.0 = Debug|Any CPU
		{1BA6DE1B-711A-4AD8-A35F-38928992E5F6}.Release|Any CPU.ActiveCfg = Release|Any CPU
		{1BA6DE1B-711A-4AD8-A35F-38928992E5F6}.Release|Any CPU.Build.0 = Release|Any CPU
		{BBD3B54C-9302-464A-AEB1-F4F970BBC8B9}.Debug|Any CPU.ActiveCfg = Debug
		{BBD3B54C-9302-464A-AEB1-F4F970BBC8B9}.Debug|Any CPU.Build.0 = Debug
		{BBD3B54C-9302-464A-AEB1-F4F970BBC8B9}.Release|Any CPU.ActiveCfg = Release
		{BBD3B54C-9302-464A-AEB1-F4F970BBC8B9}.Release|Any CPU.Build.0 = Release
		{DD0CC5D8-C9C7-495F-9CF2-6AAF4CE1178E}.Debug|Any CPU.ActiveCfg = Debug
		{DD0CC5D8-C9C7-495F-9CF2-6AAF4CE1178E}.Debug|Any CPU.Build.0 = Debug
		{DD0CC5D8-C9C7-495F-9CF2-6AAF4CE1178E}.Release|Any CPU.ActiveCfg = Release
		{DD0CC5D8-C9C7-495F-9CF2-6AAF4CE1178E}.Release|Any CPU.Build.0 = Release
		{0EACD55D-3D67-4E42-9714-8142EAF8246A}.Debug|Any CPU.ActiveCfg = Debug|Any CPU
		{0EACD55D-3D67-4E42-9714-8142EAF8246A}.Debug|Any CPU.Build.0 = Debug|Any CPU
		{0EACD55D-3D67-4E42-9714-8142EAF8246A}.Release|Any CPU.ActiveCfg = Release|Any CPU
		{0EACD55D-3D67-4E42-9714-8142EAF8246A}.Release|Any CPU.Build.0 = Release|Any CPU
		{9A212D52-99FD-4366-A465-6C1A79B5720E}.Debug|Any CPU.ActiveCfg = Debug|Any CPU
		{9A212D52-99FD-4366-A465-6C1A79B5720E}.Debug|Any CPU.Build.0 = Debug|Any CPU
		{9A212D52-99FD-4366-A465-6C1A79B5720E}.Release|Any CPU.ActiveCfg = Release|Any CPU
		{9A212D52-99FD-4366-A465-6C1A79B5720E}.Release|Any CPU.Build.0 = Release|Any CPU
		{9EEA5C73-8790-4DCA-8B04-F77AF5C17A4C}.Debug|Any CPU.ActiveCfg = Debug
		{9EEA5C73-8790-4DCA-8B04-F77AF5C17A4C}.Debug|Any CPU.Build.0 = Debug
		{9EEA5C73-8790-4DCA-8B04-F77AF5C17A4C}.Release|Any CPU.ActiveCfg = Release
		{9EEA5C73-8790-4DCA-8B04-F77AF5C17A4C}.Release|Any CPU.Build.0 = Release
		{AE45A9DA-E571-491B-9695-A5690797E8A8}.Debug|Any CPU.ActiveCfg = Debug|Any CPU
		{AE45A9DA-E571-491B-9695-A5690797E8A8}.Debug|Any CPU.Build.0 = Debug|Any CPU
		{AE45A9DA-E571-491B-9695-A5690797E8A8}.Release|Any CPU.ActiveCfg = Release|Any CPU
		{AE45A9DA-E571-491B-9695-A5690797E8A8}.Release|Any CPU.Build.0 = Release|Any CPU
		{805CEAE4-4159-4AEB-BE85-0C92D8DBD801}.Debug|Any CPU.ActiveCfg = Debug
		{805CEAE4-4159-4AEB-BE85-0C92D8DBD801}.Debug|Any CPU.Build.0 = Debug
		{805CEAE4-4159-4AEB-BE85-0C92D8DBD801}.Release|Any CPU.ActiveCfg = Release
		{805CEAE4-4159-4AEB-BE85-0C92D8DBD801}.Release|Any CPU.Build.0 = Release
		{505B4BD9-AB8F-456C-9523-096C86D96CD7}.Debug|Any CPU.ActiveCfg = Debug|Any CPU
		{505B4BD9-AB8F-456C-9523-096C86D96CD7}.Debug|Any CPU.Build.0 = Debug|Any CPU
		{505B4BD9-AB8F-456C-9523-096C86D96CD7}.Release|Any CPU.ActiveCfg = Release|Any CPU
		{505B4BD9-AB8F-456C-9523-096C86D96CD7}.Release|Any CPU.Build.0 = Release|Any CPU
		{8C9A5EBC-D752-4650-9EEE-0B6B429C63A6}.Debug|Any CPU.ActiveCfg = Debug
		{8C9A5EBC-D752-4650-9EEE-0B6B429C63A6}.Debug|Any CPU.Build.0 = Debug
		{8C9A5EBC-D752-4650-9EEE-0B6B429C63A6}.Release|Any CPU.ActiveCfg = Release
		{8C9A5EBC-D752-4650-9EEE-0B6B429C63A6}.Release|Any CPU.Build.0 = Release
		{E37B280C-A542-40BF-A8F4-F5D170977922}.Debug|Any CPU.ActiveCfg = Debug
		{E37B280C-A542-40BF-A8F4-F5D170977922}.Debug|Any CPU.Build.0 = Debug
		{E37B280C-A542-40BF-A8F4-F5D170977922}.Release|Any CPU.ActiveCfg = Release
		{E37B280C-A542-40BF-A8F4-F5D170977922}.Release|Any CPU.Build.0 = Release
	EndGlobalSection
	GlobalSection(SolutionProperties) = preSolution
		HideSolutionNode = FALSE
	EndGlobalSection
	GlobalSection(NestedProjects) = preSolution
		{8CB777EB-36ED-45D8-84FF-BDD64AD5026E} = {8BC2F418-26E0-454F-94D1-D32EB2212FCB}
		{E51CB999-A720-4165-9DF2-A3E49547A40B} = {8BC2F418-26E0-454F-94D1-D32EB2212FCB}
		{599773FF-1E86-4AC2-8B24-34BBAC707370} = {8BC2F418-26E0-454F-94D1-D32EB2212FCB}
		{2FFDBC2D-0F7E-485E-9548-47CDBD7FE3C6} = {19F7D0D1-4317-4F6F-8297-60984AD99BFE}
		{289C4B72-B929-4E3D-808F-F622E275AC70} = {19F7D0D1-4317-4F6F-8297-60984AD99BFE}
		{05D4C0EB-A6B0-4551-AFB0-EAD538D2C3A4} = {D0B15A59-98A0-4839-B321-A48E69101DF7}
		{82DF891A-E0DE-42CB-9941-AF0DFBCDCCDF} = {D0B15A59-98A0-4839-B321-A48E69101DF7}
		{CBCC62ED-16A9-4FB0-9B68-EF715763E5D0} = {D0B15A59-98A0-4839-B321-A48E69101DF7}
		{EADC5454-8DF0-4B0F-B20F-5C36136C054C} = {D0B15A59-98A0-4839-B321-A48E69101DF7}
		{F9071930-348E-4A30-A0F6-A1A3DF3A587B} = {D0B15A59-98A0-4839-B321-A48E69101DF7}
		{CB7A2D8C-3159-4FCE-8256-2B7D450A462C} = {D0B15A59-98A0-4839-B321-A48E69101DF7}
		{D6E88E6E-B1B4-46B0-BC93-DDD4785865DF} = {8BCA40CA-460E-42AE-A44D-0642957B3749}
		{0EACD55D-3D67-4E42-9714-8142EAF8246A} = {8BCA40CA-460E-42AE-A44D-0642957B3749}
		{9A212D52-99FD-4366-A465-6C1A79B5720E} = {8BCA40CA-460E-42AE-A44D-0642957B3749}
		{9EEA5C73-8790-4DCA-8B04-F77AF5C17A4C} = {8BCA40CA-460E-42AE-A44D-0642957B3749}
		{AE45A9DA-E571-491B-9695-A5690797E8A8} = {8BCA40CA-460E-42AE-A44D-0642957B3749}
		{805CEAE4-4159-4AEB-BE85-0C92D8DBD801} = {8BCA40CA-460E-42AE-A44D-0642957B3749}
		{505B4BD9-AB8F-456C-9523-096C86D96CD7} = {8BCA40CA-460E-42AE-A44D-0642957B3749}
		{8C9A5EBC-D752-4650-9EEE-0B6B429C63A6} = {8BCA40CA-460E-42AE-A44D-0642957B3749}
		{E7055581-7C0C-429F-8134-99D3413C5756} = {921169EE-9A48-4083-9CAB-B7947DBB4AD1}
		{792B426E-9ED5-414C-9853-98137AE0CC50} = {921169EE-9A48-4083-9CAB-B7947DBB4AD1}
		{44851BA9-366B-4DAB-BB05-9E4CF24601AA} = {921169EE-9A48-4083-9CAB-B7947DBB4AD1}
		{9065A728-701B-4B99-91FB-2A36E8E2C3C7} = {921169EE-9A48-4083-9CAB-B7947DBB4AD1}
		{BFE656A5-E82D-4E47-9546-99880C0B67E3} = {921169EE-9A48-4083-9CAB-B7947DBB4AD1}
		{1BA6DE1B-711A-4AD8-A35F-38928992E5F6} = {921169EE-9A48-4083-9CAB-B7947DBB4AD1}
		{BBD3B54C-9302-464A-AEB1-F4F970BBC8B9} = {921169EE-9A48-4083-9CAB-B7947DBB4AD1}
		{DD0CC5D8-C9C7-495F-9CF2-6AAF4CE1178E} = {921169EE-9A48-4083-9CAB-B7947DBB4AD1}
		{780B03C7-B819-4E62-AD38-E62EB71EA051} = {05D4C0EB-A6B0-4551-AFB0-EAD538D2C3A4}
		{E295B7D0-C466-4121-9F32-DAD06067D7B4} = {05D4C0EB-A6B0-4551-AFB0-EAD538D2C3A4}
		{0A04F05F-EB4D-433C-B81B-51C784C14D31} = {05D4C0EB-A6B0-4551-AFB0-EAD538D2C3A4}
		{D06B7BC0-638A-4043-8941-76BA12B4E813} = {05D4C0EB-A6B0-4551-AFB0-EAD538D2C3A4}
		{C9577E7C-5012-4886-9210-7F81DAFCC177} = {05D4C0EB-A6B0-4551-AFB0-EAD538D2C3A4}
		{E37B280C-A542-40BF-A8F4-F5D170977922} = {05D4C0EB-A6B0-4551-AFB0-EAD538D2C3A4}
	EndGlobalSection
EndGlobal
