
Microsoft Visual Studio Solution File, Format Version 9.00
# Visual Studio 2005
Project("{2150E333-8FDC-42A3-9474-1A3956D46DE8}") = "Common", "Common", "{8BC2F418-26E0-454F-94D1-D32EB2212FCB}"
EndProject
Project("{2150E333-8FDC-42A3-9474-1A3956D46DE8}") = "Shell", "Shell", "{19F7D0D1-4317-4F6F-8297-60984AD99BFE}"
EndProject
Project("{2150E333-8FDC-42A3-9474-1A3956D46DE8}") = "Word", "Word", "{D0B15A59-98A0-4839-B321-A48E69101DF7}"
EndProject
Project("{2150E333-8FDC-42A3-9474-1A3956D46DE8}") = "Presentation", "Presentation", "{8BCA40CA-460E-42AE-A44D-0642957B3749}"
EndProject
Project("{2150E333-8FDC-42A3-9474-1A3956D46DE8}") = "Spreadsheet", "Spreadsheet", "{921169EE-9A48-4083-9CAB-B7947DBB4AD1}"
EndProject
Project("{FAE04EC0-301F-11D3-BF4B-00C04F79EFBC}") = "OdfConverterLib", "Common\OdfConverterLib\OdfConverterLib.csproj", "{8CB777EB-36ED-45D8-84FF-BDD64AD5026E}"
EndProject
Project("{FAE04EC0-301F-11D3-BF4B-00C04F79EFBC}") = "OdfZipUtils", "Common\OdfZipUtils\OdfZipUtils.csproj", "{E51CB999-A720-4165-9DF2-A3E49547A40B}"
EndProject
Project("{2150E333-8FDC-42A3-9474-1A3956D46DE8}") = "Setup", "Setup", "{05D4C0EB-A6B0-4551-AFB0-EAD538D2C3A4}"
EndProject
Project("{FAE04EC0-301F-11D3-BF4B-00C04F79EFBC}") = "OdfConverterLauncher", "Shell\OdfConverterLauncher\OdfConverterLauncher.csproj", "{2FFDBC2D-0F7E-485E-9548-47CDBD7FE3C6}"
	ProjectSection(ProjectDependencies) = postProject
		{0926B47F-86B3-4AAB-9F1C-A558A58E939B} = {0926B47F-86B3-4AAB-9F1C-A558A58E939B}
	EndProjectSection
EndProject
Project("{54435603-DBB4-11D2-8724-00A0C9A8B90C}") = "OdfAddInForWordSetup", "Word\Setup\OdfAddInForWordSetup\OdfAddInForWordSetup.vdproj", "{780B03C7-B819-4E62-AD38-E62EB71EA051}"
EndProject
Project("{54435603-DBB4-11D2-8724-00A0C9A8B90C}") = "OdfAddInForWordSetup-de", "Word\Setup\OdfAddInForWordSetup-de\OdfAddInForWordSetup-de.vdproj", "{E295B7D0-C466-4121-9F32-DAD06067D7B4}"
EndProject
Project("{54435603-DBB4-11D2-8724-00A0C9A8B90C}") = "OdfAddInForWordSetup-fr", "Word\Setup\OdfAddInForWordSetup-fr\OdfAddInForWordSetup-fr.vdproj", "{0A04F05F-EB4D-433C-B81B-51C784C14D31}"
EndProject
Project("{54435603-DBB4-11D2-8724-00A0C9A8B90C}") = "OdfAddInForWordSetup-nl", "Word\Setup\OdfAddInForWordSetup-nl\OdfAddInForWordSetup-nl.vdproj", "{D06B7BC0-638A-4043-8941-76BA12B4E813}"
EndProject
Project("{54435603-DBB4-11D2-8724-00A0C9A8B90C}") = "OdfAddInForWordSetup-pl", "Word\Setup\OdfAddInForWordSetup-pl\OdfAddInForWordSetup-pl.vdproj", "{C9577E7C-5012-4886-9210-7F81DAFCC177}"
EndProject
Project("{FAE04EC0-301F-11D3-BF4B-00C04F79EFBC}") = "Converter", "Presentation\Converter\Converter.csproj", "{D6E88E6E-B1B4-46B0-BC93-DDD4785865DF}"
EndProject
Project("{FAE04EC0-301F-11D3-BF4B-00C04F79EFBC}") = "Converter", "Word\Converter\Converter.csproj", "{F9071930-348E-4A30-A0F6-A1A3DF3A587B}"
EndProject
Project("{FAE04EC0-301F-11D3-BF4B-00C04F79EFBC}") = "OdfAddinLib", "Common\OdfAddinLib\OdfAddinLib.csproj", "{599773FF-1E86-4AC2-8B24-34BBAC707370}"
EndProject
Project("{FAE04EC0-301F-11D3-BF4B-00C04F79EFBC}") = "Converter", "Spreadsheet\Converter\Converter.csproj", "{E7055581-7C0C-429F-8134-99D3413C5756}"
EndProject
Project("{54435603-DBB4-11D2-8724-00A0C9A8B90C}") = "OdfAddInForWordSetup-chs", "Word\Setup\OdfAddInForWordSetup-chs\OdfAddInForWordSetup-chs.vdproj", "{8E9DFA0D-5D87-4244-9A73-D5200D14F0D9}"
EndProject
Project("{2150E333-8FDC-42A3-9474-1A3956D46DE8}") = "Setup", "Setup", "{D3E4B38D-18B2-476A-A614-D3560176E3AF}"
EndProject
Project("{2150E333-8FDC-42A3-9474-1A3956D46DE8}") = "Setup", "Setup", "{751AFC6B-AFDB-4D9B-ACBC-A07E3A62474B}"
EndProject
Project("{8BC9CEB8-8B4A-11D0-8D11-00A0C91BC942}") = "OdfWordAddinShim", "Word\OdfWordAddinShim\OdfWordAddinShim.vcproj", "{0926B47F-86B3-4AAB-9F1C-A558A58E939B}"
EndProject
Project("{FAE04EC0-301F-11D3-BF4B-00C04F79EFBC}") = "OdfWordAddin", "Word\OdfWordAddin\OdfWordAddin.csproj", "{2329EA27-8A83-4AFB-89CE-CBE1E72F4A10}"
EndProject
Project("{FAE04EC0-301F-11D3-BF4B-00C04F79EFBC}") = "CommandLineTool", "Shell\OdfConverter\CommandLineTool.csproj", "{289C4B72-B929-4E3D-808F-F622E275AC70}"
EndProject
Project("{54435603-DBB4-11D2-8724-00A0C9A8B90C}") = "OdfAddInForWordSetup-ja", "Word\Setup\OdfAddInForWordSetup-ja\OdfAddInForWordSetup-ja.vdproj", "{FE137308-33BD-4113-9951-E6DCF1023F34}"
EndProject
Project("{FAE04EC0-301F-11D3-BF4B-00C04F79EFBC}") = "OdfPowerPointAddin", "Presentation\OdfPowerPointAddin\OdfPowerPointAddin.csproj", "{686B68A3-A89A-458F-8281-E5F00068C0AB}"
EndProject
Project("{8BC9CEB8-8B4A-11D0-8D11-00A0C91BC942}") = "OdfPowerPointAddinShim", "Presentation\OdfPowerPointAddinShim\OdfPowerPointAddinShim.vcproj", "{FED3CFB2-ED96-4027-86DE-F490CD65CD3D}"
EndProject
Project("{FAE04EC0-301F-11D3-BF4B-00C04F79EFBC}") = "OdfExcelAddin", "Spreadsheet\OdfExcelAddin\OdfExcelAddin.csproj", "{294AC077-14E0-4630-B689-B440F3887550}"
EndProject
Project("{8BC9CEB8-8B4A-11D0-8D11-00A0C91BC942}") = "OdfExcelAddinShim", "Spreadsheet\OdfExcelAddinShim\OdfExcelAddinShim.vcproj", "{6293D7DA-2382-43D2-892C-48C3D45ADF71}"
EndProject
Project("{54435603-DBB4-11D2-8724-00A0C9A8B90C}") = "OdfAddInForExcelSetup-pl", "Spreadsheet\Setup\OdfAddInForExcelSetup-pl\OdfAddInForExcelSetup-pl.vdproj", "{8749ADFC-2CD9-4928-8514-79FDBF668D0F}"
EndProject
Project("{54435603-DBB4-11D2-8724-00A0C9A8B90C}") = "OdfAddInForExcelSetup-nl", "Spreadsheet\Setup\OdfAddInForExcelSetup-nl\OdfAddInForExcelSetup-nl.vdproj", "{CAE1BF68-DC61-4C40-979A-4BF5C32BF887}"
EndProject
Project("{54435603-DBB4-11D2-8724-00A0C9A8B90C}") = "OdfAddInForExcelSetup-ja", "Spreadsheet\Setup\OdfAddInForExcelSetup-ja\OdfAddInForExcelSetup-ja.vdproj", "{A22A5BE9-0F2A-449A-8E17-C04AAA17A2F9}"
EndProject
Project("{54435603-DBB4-11D2-8724-00A0C9A8B90C}") = "OdfAddInForExcelSetup-fr", "Spreadsheet\Setup\OdfAddInForExcelSetup-fr\OdfAddInForExcelSetup-fr.vdproj", "{24AE33BD-A643-4C40-989A-D6552D684396}"
EndProject
Project("{54435603-DBB4-11D2-8724-00A0C9A8B90C}") = "OdfAddInForExcelSetup-de", "Spreadsheet\Setup\OdfAddInForExcelSetup-de\OdfAddInForExcelSetup-de.vdproj", "{7EBA039B-D49F-433D-BA4F-930E9938C1ED}"
EndProject
Project("{54435603-DBB4-11D2-8724-00A0C9A8B90C}") = "OdfAddInForExcelSetup", "Spreadsheet\Setup\OdfAddInForExcelSetup\OdfAddInForExcelSetup.vdproj", "{E4DF865D-1012-41B1-BB2A-ED20A93CA81F}"
EndProject
Project("{54435603-DBB4-11D2-8724-00A0C9A8B90C}") = "OdfAddInForExcelSetup-chs", "Spreadsheet\Setup\OdfAddInForExcelSetup-chs\OdfAddInForExcelSetup-chs.vdproj", "{7F602C97-B32D-44F1-ACA2-50ABC659F611}"
EndProject
Project("{54435603-DBB4-11D2-8724-00A0C9A8B90C}") = "OdfAddInForPPTSetup", "Presentation\Setup\OdfAddInForPPTSetup\OdfAddInForPPTSetup.vdproj", "{E285D4D8-D7D4-4C9B-AD19-C71209C3B972}"
EndProject
Project("{54435603-DBB4-11D2-8724-00A0C9A8B90C}") = "OdfAddInForPPTSetup-chs", "Presentation\Setup\OdfAddInForPPTSetup-chs\OdfAddInForPPTSetup-chs.vdproj", "{70F3F1F0-D3BE-4766-84BA-B4B7AF7864D3}"
EndProject
Project("{54435603-DBB4-11D2-8724-00A0C9A8B90C}") = "OdfAddInForPPTSetup-de", "Presentation\Setup\OdfAddInForPPTSetup-de\OdfAddInForPPTSetup-de.vdproj", "{2EE5D721-DDEE-4AEA-87E3-D5B12FD6DF0E}"
EndProject
Project("{54435603-DBB4-11D2-8724-00A0C9A8B90C}") = "OdfAddInForPPTSetup-fr", "Presentation\Setup\OdfAddInForPPTSetup-fr\OdfAddInForPPTSetup-fr.vdproj", "{0466433B-BFD1-4E75-8074-167B0397DF96}"
EndProject
Project("{54435603-DBB4-11D2-8724-00A0C9A8B90C}") = "OdfAddInForPPTSetup-ja", "Presentation\Setup\OdfAddInForPPTSetup-ja\OdfAddInForPPTSetup-ja.vdproj", "{78AEF59F-EA4E-4F07-B559-4511C7A742A2}"
EndProject
Project("{54435603-DBB4-11D2-8724-00A0C9A8B90C}") = "OdfAddInForPPTSetup-nl", "Presentation\Setup\OdfAddInForPPTSetup-nl\OdfAddInForPPTSetup-nl.vdproj", "{ED7D7117-8E82-403B-B8B7-6482F69912F2}"
EndProject
Project("{54435603-DBB4-11D2-8724-00A0C9A8B90C}") = "OdfAddInForPPTSetup-pl", "Presentation\Setup\OdfAddInForPPTSetup-pl\OdfAddInForPPTSetup-pl.vdproj", "{D10B9115-86D6-40D0-B57A-933E75763EA2}"
EndProject
Global
	GlobalSection(SolutionConfigurationPlatforms) = preSolution
		Debug|Any CPU = Debug|Any CPU
		Debug|Mixed Platforms = Debug|Mixed Platforms
		Debug|Win32 = Debug|Win32
		Release to Manufacturing (signed)|Any CPU = Release to Manufacturing (signed)|Any CPU
		Release to Manufacturing (signed)|Mixed Platforms = Release to Manufacturing (signed)|Mixed Platforms
		Release to Manufacturing (signed)|Win32 = Release to Manufacturing (signed)|Win32
		Release|Any CPU = Release|Any CPU
		Release|Mixed Platforms = Release|Mixed Platforms
		Release|Win32 = Release|Win32
	EndGlobalSection
	GlobalSection(ProjectConfigurationPlatforms) = postSolution
		{8CB777EB-36ED-45D8-84FF-BDD64AD5026E}.Debug|Any CPU.ActiveCfg = Release|Any CPU
		{8CB777EB-36ED-45D8-84FF-BDD64AD5026E}.Debug|Any CPU.Build.0 = Release|Any CPU
		{8CB777EB-36ED-45D8-84FF-BDD64AD5026E}.Debug|Mixed Platforms.ActiveCfg = Debug|Any CPU
		{8CB777EB-36ED-45D8-84FF-BDD64AD5026E}.Debug|Mixed Platforms.Build.0 = Debug|Any CPU
		{8CB777EB-36ED-45D8-84FF-BDD64AD5026E}.Debug|Win32.ActiveCfg = Debug|Any CPU
		{8CB777EB-36ED-45D8-84FF-BDD64AD5026E}.Debug|Win32.Build.0 = Debug|Any CPU
		{8CB777EB-36ED-45D8-84FF-BDD64AD5026E}.Release to Manufacturing (signed)|Any CPU.ActiveCfg = Release to Manufacturing (signed)|Any CPU
		{8CB777EB-36ED-45D8-84FF-BDD64AD5026E}.Release to Manufacturing (signed)|Any CPU.Build.0 = Release to Manufacturing (signed)|Any CPU
		{8CB777EB-36ED-45D8-84FF-BDD64AD5026E}.Release to Manufacturing (signed)|Mixed Platforms.ActiveCfg = Release to Manufacturing (signed)|Any CPU
		{8CB777EB-36ED-45D8-84FF-BDD64AD5026E}.Release to Manufacturing (signed)|Mixed Platforms.Build.0 = Release to Manufacturing (signed)|Any CPU
		{8CB777EB-36ED-45D8-84FF-BDD64AD5026E}.Release to Manufacturing (signed)|Win32.ActiveCfg = Release to Manufacturing (signed)|Any CPU
		{8CB777EB-36ED-45D8-84FF-BDD64AD5026E}.Release to Manufacturing (signed)|Win32.Build.0 = Release to Manufacturing (signed)|Any CPU
		{8CB777EB-36ED-45D8-84FF-BDD64AD5026E}.Release|Any CPU.ActiveCfg = Release|Any CPU
		{8CB777EB-36ED-45D8-84FF-BDD64AD5026E}.Release|Any CPU.Build.0 = Release|Any CPU
		{8CB777EB-36ED-45D8-84FF-BDD64AD5026E}.Release|Mixed Platforms.ActiveCfg = Release|Any CPU
		{8CB777EB-36ED-45D8-84FF-BDD64AD5026E}.Release|Mixed Platforms.Build.0 = Release|Any CPU
		{8CB777EB-36ED-45D8-84FF-BDD64AD5026E}.Release|Win32.ActiveCfg = Release|Any CPU
		{8CB777EB-36ED-45D8-84FF-BDD64AD5026E}.Release|Win32.Build.0 = Release|Any CPU
		{E51CB999-A720-4165-9DF2-A3E49547A40B}.Debug|Any CPU.ActiveCfg = Release|Any CPU
		{E51CB999-A720-4165-9DF2-A3E49547A40B}.Debug|Any CPU.Build.0 = Release|Any CPU
		{E51CB999-A720-4165-9DF2-A3E49547A40B}.Debug|Mixed Platforms.ActiveCfg = Debug|Any CPU
		{E51CB999-A720-4165-9DF2-A3E49547A40B}.Debug|Mixed Platforms.Build.0 = Debug|Any CPU
		{E51CB999-A720-4165-9DF2-A3E49547A40B}.Debug|Win32.ActiveCfg = Debug|Any CPU
		{E51CB999-A720-4165-9DF2-A3E49547A40B}.Debug|Win32.Build.0 = Debug|Any CPU
		{E51CB999-A720-4165-9DF2-A3E49547A40B}.Release to Manufacturing (signed)|Any CPU.ActiveCfg = Release to Manufacturing (signed)|Any CPU
		{E51CB999-A720-4165-9DF2-A3E49547A40B}.Release to Manufacturing (signed)|Any CPU.Build.0 = Release to Manufacturing (signed)|Any CPU
		{E51CB999-A720-4165-9DF2-A3E49547A40B}.Release to Manufacturing (signed)|Mixed Platforms.ActiveCfg = Release to Manufacturing (signed)|Any CPU
		{E51CB999-A720-4165-9DF2-A3E49547A40B}.Release to Manufacturing (signed)|Mixed Platforms.Build.0 = Release to Manufacturing (signed)|Any CPU
		{E51CB999-A720-4165-9DF2-A3E49547A40B}.Release to Manufacturing (signed)|Win32.ActiveCfg = Release to Manufacturing (signed)|Any CPU
		{E51CB999-A720-4165-9DF2-A3E49547A40B}.Release to Manufacturing (signed)|Win32.Build.0 = Release to Manufacturing (signed)|Any CPU
		{E51CB999-A720-4165-9DF2-A3E49547A40B}.Release|Any CPU.ActiveCfg = Release|Any CPU
		{E51CB999-A720-4165-9DF2-A3E49547A40B}.Release|Any CPU.Build.0 = Release|Any CPU
		{E51CB999-A720-4165-9DF2-A3E49547A40B}.Release|Mixed Platforms.ActiveCfg = Release|Any CPU
		{E51CB999-A720-4165-9DF2-A3E49547A40B}.Release|Mixed Platforms.Build.0 = Release|Any CPU
		{E51CB999-A720-4165-9DF2-A3E49547A40B}.Release|Win32.ActiveCfg = Release|Any CPU
		{E51CB999-A720-4165-9DF2-A3E49547A40B}.Release|Win32.Build.0 = Release|Any CPU
		{2FFDBC2D-0F7E-485E-9548-47CDBD7FE3C6}.Debug|Any CPU.ActiveCfg = Debug|Any CPU
		{2FFDBC2D-0F7E-485E-9548-47CDBD7FE3C6}.Debug|Any CPU.Build.0 = Debug|Any CPU
		{2FFDBC2D-0F7E-485E-9548-47CDBD7FE3C6}.Debug|Mixed Platforms.ActiveCfg = Debug|Any CPU
		{2FFDBC2D-0F7E-485E-9548-47CDBD7FE3C6}.Debug|Mixed Platforms.Build.0 = Debug|Any CPU
		{2FFDBC2D-0F7E-485E-9548-47CDBD7FE3C6}.Debug|Win32.ActiveCfg = Debug|Any CPU
		{2FFDBC2D-0F7E-485E-9548-47CDBD7FE3C6}.Release to Manufacturing (signed)|Any CPU.ActiveCfg = Release to Manufacturing (signed)|Any CPU
		{2FFDBC2D-0F7E-485E-9548-47CDBD7FE3C6}.Release to Manufacturing (signed)|Any CPU.Build.0 = Release to Manufacturing (signed)|Any CPU
		{2FFDBC2D-0F7E-485E-9548-47CDBD7FE3C6}.Release to Manufacturing (signed)|Mixed Platforms.ActiveCfg = Release to Manufacturing (signed)|Any CPU
		{2FFDBC2D-0F7E-485E-9548-47CDBD7FE3C6}.Release to Manufacturing (signed)|Mixed Platforms.Build.0 = Release to Manufacturing (signed)|Any CPU
		{2FFDBC2D-0F7E-485E-9548-47CDBD7FE3C6}.Release to Manufacturing (signed)|Win32.ActiveCfg = Release to Manufacturing (signed)|Any CPU
		{2FFDBC2D-0F7E-485E-9548-47CDBD7FE3C6}.Release to Manufacturing (signed)|Win32.Build.0 = Release to Manufacturing (signed)|Any CPU
		{2FFDBC2D-0F7E-485E-9548-47CDBD7FE3C6}.Release|Any CPU.ActiveCfg = Release|Any CPU
		{2FFDBC2D-0F7E-485E-9548-47CDBD7FE3C6}.Release|Any CPU.Build.0 = Release|Any CPU
		{2FFDBC2D-0F7E-485E-9548-47CDBD7FE3C6}.Release|Mixed Platforms.ActiveCfg = Release|Any CPU
		{2FFDBC2D-0F7E-485E-9548-47CDBD7FE3C6}.Release|Mixed Platforms.Build.0 = Release|Any CPU
		{2FFDBC2D-0F7E-485E-9548-47CDBD7FE3C6}.Release|Win32.ActiveCfg = Release|Any CPU
		{2FFDBC2D-0F7E-485E-9548-47CDBD7FE3C6}.Release|Win32.Build.0 = Release|Any CPU
		{780B03C7-B819-4E62-AD38-E62EB71EA051}.Debug|Any CPU.ActiveCfg = Debug
		{780B03C7-B819-4E62-AD38-E62EB71EA051}.Debug|Any CPU.Build.0 = Debug
		{780B03C7-B819-4E62-AD38-E62EB71EA051}.Debug|Mixed Platforms.ActiveCfg = Debug
		{780B03C7-B819-4E62-AD38-E62EB71EA051}.Debug|Win32.ActiveCfg = Debug
		{780B03C7-B819-4E62-AD38-E62EB71EA051}.Debug|Win32.Build.0 = Debug
		{780B03C7-B819-4E62-AD38-E62EB71EA051}.Release to Manufacturing (signed)|Any CPU.ActiveCfg = Release to Manufacturing (signed)
		{780B03C7-B819-4E62-AD38-E62EB71EA051}.Release to Manufacturing (signed)|Any CPU.Build.0 = Release to Manufacturing (signed)
		{780B03C7-B819-4E62-AD38-E62EB71EA051}.Release to Manufacturing (signed)|Mixed Platforms.ActiveCfg = Release to Manufacturing (signed)
		{780B03C7-B819-4E62-AD38-E62EB71EA051}.Release to Manufacturing (signed)|Mixed Platforms.Build.0 = Release to Manufacturing (signed)
		{780B03C7-B819-4E62-AD38-E62EB71EA051}.Release to Manufacturing (signed)|Win32.ActiveCfg = Release to Manufacturing (signed)
		{780B03C7-B819-4E62-AD38-E62EB71EA051}.Release to Manufacturing (signed)|Win32.Build.0 = Release to Manufacturing (signed)
		{780B03C7-B819-4E62-AD38-E62EB71EA051}.Release|Any CPU.ActiveCfg = Release
		{780B03C7-B819-4E62-AD38-E62EB71EA051}.Release|Mixed Platforms.ActiveCfg = Release
		{780B03C7-B819-4E62-AD38-E62EB71EA051}.Release|Mixed Platforms.Build.0 = Release
		{780B03C7-B819-4E62-AD38-E62EB71EA051}.Release|Win32.ActiveCfg = Release
		{780B03C7-B819-4E62-AD38-E62EB71EA051}.Release|Win32.Build.0 = Release
		{E295B7D0-C466-4121-9F32-DAD06067D7B4}.Debug|Any CPU.ActiveCfg = Debug
		{E295B7D0-C466-4121-9F32-DAD06067D7B4}.Debug|Any CPU.Build.0 = Debug
		{E295B7D0-C466-4121-9F32-DAD06067D7B4}.Debug|Mixed Platforms.ActiveCfg = Debug
		{E295B7D0-C466-4121-9F32-DAD06067D7B4}.Debug|Win32.ActiveCfg = Debug
		{E295B7D0-C466-4121-9F32-DAD06067D7B4}.Debug|Win32.Build.0 = Debug
		{E295B7D0-C466-4121-9F32-DAD06067D7B4}.Release to Manufacturing (signed)|Any CPU.ActiveCfg = Release to Manufacturing (signed)
		{E295B7D0-C466-4121-9F32-DAD06067D7B4}.Release to Manufacturing (signed)|Any CPU.Build.0 = Release to Manufacturing (signed)
		{E295B7D0-C466-4121-9F32-DAD06067D7B4}.Release to Manufacturing (signed)|Mixed Platforms.ActiveCfg = Release to Manufacturing (signed)
		{E295B7D0-C466-4121-9F32-DAD06067D7B4}.Release to Manufacturing (signed)|Mixed Platforms.Build.0 = Release to Manufacturing (signed)
		{E295B7D0-C466-4121-9F32-DAD06067D7B4}.Release to Manufacturing (signed)|Win32.ActiveCfg = Release to Manufacturing (signed)
		{E295B7D0-C466-4121-9F32-DAD06067D7B4}.Release to Manufacturing (signed)|Win32.Build.0 = Release to Manufacturing (signed)
		{E295B7D0-C466-4121-9F32-DAD06067D7B4}.Release|Any CPU.ActiveCfg = Release
		{E295B7D0-C466-4121-9F32-DAD06067D7B4}.Release|Mixed Platforms.ActiveCfg = Release
		{E295B7D0-C466-4121-9F32-DAD06067D7B4}.Release|Mixed Platforms.Build.0 = Release
		{E295B7D0-C466-4121-9F32-DAD06067D7B4}.Release|Win32.ActiveCfg = Release
		{E295B7D0-C466-4121-9F32-DAD06067D7B4}.Release|Win32.Build.0 = Release
		{0A04F05F-EB4D-433C-B81B-51C784C14D31}.Debug|Any CPU.ActiveCfg = Debug
		{0A04F05F-EB4D-433C-B81B-51C784C14D31}.Debug|Any CPU.Build.0 = Debug
		{0A04F05F-EB4D-433C-B81B-51C784C14D31}.Debug|Mixed Platforms.ActiveCfg = Debug
		{0A04F05F-EB4D-433C-B81B-51C784C14D31}.Debug|Win32.ActiveCfg = Debug
		{0A04F05F-EB4D-433C-B81B-51C784C14D31}.Debug|Win32.Build.0 = Debug
		{0A04F05F-EB4D-433C-B81B-51C784C14D31}.Release to Manufacturing (signed)|Any CPU.ActiveCfg = Release to Manufacturing (signed)
		{0A04F05F-EB4D-433C-B81B-51C784C14D31}.Release to Manufacturing (signed)|Any CPU.Build.0 = Release to Manufacturing (signed)
		{0A04F05F-EB4D-433C-B81B-51C784C14D31}.Release to Manufacturing (signed)|Mixed Platforms.ActiveCfg = Release to Manufacturing (signed)
		{0A04F05F-EB4D-433C-B81B-51C784C14D31}.Release to Manufacturing (signed)|Mixed Platforms.Build.0 = Release to Manufacturing (signed)
		{0A04F05F-EB4D-433C-B81B-51C784C14D31}.Release to Manufacturing (signed)|Win32.ActiveCfg = Release to Manufacturing (signed)
		{0A04F05F-EB4D-433C-B81B-51C784C14D31}.Release to Manufacturing (signed)|Win32.Build.0 = Release to Manufacturing (signed)
		{0A04F05F-EB4D-433C-B81B-51C784C14D31}.Release|Any CPU.ActiveCfg = Release
		{0A04F05F-EB4D-433C-B81B-51C784C14D31}.Release|Mixed Platforms.ActiveCfg = Release
		{0A04F05F-EB4D-433C-B81B-51C784C14D31}.Release|Mixed Platforms.Build.0 = Release
		{0A04F05F-EB4D-433C-B81B-51C784C14D31}.Release|Win32.ActiveCfg = Release
		{0A04F05F-EB4D-433C-B81B-51C784C14D31}.Release|Win32.Build.0 = Release
		{D06B7BC0-638A-4043-8941-76BA12B4E813}.Debug|Any CPU.ActiveCfg = Debug
		{D06B7BC0-638A-4043-8941-76BA12B4E813}.Debug|Any CPU.Build.0 = Debug
		{D06B7BC0-638A-4043-8941-76BA12B4E813}.Debug|Mixed Platforms.ActiveCfg = Debug
		{D06B7BC0-638A-4043-8941-76BA12B4E813}.Debug|Win32.ActiveCfg = Debug
		{D06B7BC0-638A-4043-8941-76BA12B4E813}.Debug|Win32.Build.0 = Debug
		{D06B7BC0-638A-4043-8941-76BA12B4E813}.Release to Manufacturing (signed)|Any CPU.ActiveCfg = Release to Manufacturing (signed)
		{D06B7BC0-638A-4043-8941-76BA12B4E813}.Release to Manufacturing (signed)|Any CPU.Build.0 = Release to Manufacturing (signed)
		{D06B7BC0-638A-4043-8941-76BA12B4E813}.Release to Manufacturing (signed)|Mixed Platforms.ActiveCfg = Release to Manufacturing (signed)
		{D06B7BC0-638A-4043-8941-76BA12B4E813}.Release to Manufacturing (signed)|Mixed Platforms.Build.0 = Release to Manufacturing (signed)
		{D06B7BC0-638A-4043-8941-76BA12B4E813}.Release to Manufacturing (signed)|Win32.ActiveCfg = Release to Manufacturing (signed)
		{D06B7BC0-638A-4043-8941-76BA12B4E813}.Release to Manufacturing (signed)|Win32.Build.0 = Release to Manufacturing (signed)
		{D06B7BC0-638A-4043-8941-76BA12B4E813}.Release|Any CPU.ActiveCfg = Release
		{D06B7BC0-638A-4043-8941-76BA12B4E813}.Release|Mixed Platforms.ActiveCfg = Release
		{D06B7BC0-638A-4043-8941-76BA12B4E813}.Release|Mixed Platforms.Build.0 = Release
		{D06B7BC0-638A-4043-8941-76BA12B4E813}.Release|Win32.ActiveCfg = Release
		{D06B7BC0-638A-4043-8941-76BA12B4E813}.Release|Win32.Build.0 = Release
		{C9577E7C-5012-4886-9210-7F81DAFCC177}.Debug|Any CPU.ActiveCfg = Debug
		{C9577E7C-5012-4886-9210-7F81DAFCC177}.Debug|Any CPU.Build.0 = Debug
		{C9577E7C-5012-4886-9210-7F81DAFCC177}.Debug|Mixed Platforms.ActiveCfg = Debug
		{C9577E7C-5012-4886-9210-7F81DAFCC177}.Debug|Win32.ActiveCfg = Debug
		{C9577E7C-5012-4886-9210-7F81DAFCC177}.Debug|Win32.Build.0 = Debug
		{C9577E7C-5012-4886-9210-7F81DAFCC177}.Release to Manufacturing (signed)|Any CPU.ActiveCfg = Release to Manufacturing (signed)
		{C9577E7C-5012-4886-9210-7F81DAFCC177}.Release to Manufacturing (signed)|Any CPU.Build.0 = Release to Manufacturing (signed)
		{C9577E7C-5012-4886-9210-7F81DAFCC177}.Release to Manufacturing (signed)|Mixed Platforms.ActiveCfg = Release to Manufacturing (signed)
		{C9577E7C-5012-4886-9210-7F81DAFCC177}.Release to Manufacturing (signed)|Mixed Platforms.Build.0 = Release to Manufacturing (signed)
		{C9577E7C-5012-4886-9210-7F81DAFCC177}.Release to Manufacturing (signed)|Win32.ActiveCfg = Release to Manufacturing (signed)
		{C9577E7C-5012-4886-9210-7F81DAFCC177}.Release to Manufacturing (signed)|Win32.Build.0 = Release to Manufacturing (signed)
		{C9577E7C-5012-4886-9210-7F81DAFCC177}.Release|Any CPU.ActiveCfg = Release
		{C9577E7C-5012-4886-9210-7F81DAFCC177}.Release|Mixed Platforms.ActiveCfg = Release
		{C9577E7C-5012-4886-9210-7F81DAFCC177}.Release|Mixed Platforms.Build.0 = Release
		{C9577E7C-5012-4886-9210-7F81DAFCC177}.Release|Win32.ActiveCfg = Release
		{C9577E7C-5012-4886-9210-7F81DAFCC177}.Release|Win32.Build.0 = Release
		{D6E88E6E-B1B4-46B0-BC93-DDD4785865DF}.Debug|Any CPU.ActiveCfg = Release|Any CPU
		{D6E88E6E-B1B4-46B0-BC93-DDD4785865DF}.Debug|Any CPU.Build.0 = Release|Any CPU
		{D6E88E6E-B1B4-46B0-BC93-DDD4785865DF}.Debug|Mixed Platforms.ActiveCfg = Debug|Any CPU
		{D6E88E6E-B1B4-46B0-BC93-DDD4785865DF}.Debug|Mixed Platforms.Build.0 = Debug|Any CPU
		{D6E88E6E-B1B4-46B0-BC93-DDD4785865DF}.Debug|Win32.ActiveCfg = Debug|Any CPU
		{D6E88E6E-B1B4-46B0-BC93-DDD4785865DF}.Debug|Win32.Build.0 = Debug|Any CPU
		{D6E88E6E-B1B4-46B0-BC93-DDD4785865DF}.Release to Manufacturing (signed)|Any CPU.ActiveCfg = Release|Any CPU
		{D6E88E6E-B1B4-46B0-BC93-DDD4785865DF}.Release to Manufacturing (signed)|Any CPU.Build.0 = Release|Any CPU
		{D6E88E6E-B1B4-46B0-BC93-DDD4785865DF}.Release to Manufacturing (signed)|Mixed Platforms.ActiveCfg = Release to Manufacturing (signed)|Any CPU
		{D6E88E6E-B1B4-46B0-BC93-DDD4785865DF}.Release to Manufacturing (signed)|Mixed Platforms.Build.0 = Release to Manufacturing (signed)|Any CPU
		{D6E88E6E-B1B4-46B0-BC93-DDD4785865DF}.Release to Manufacturing (signed)|Win32.ActiveCfg = Release to Manufacturing (signed)|Any CPU
		{D6E88E6E-B1B4-46B0-BC93-DDD4785865DF}.Release to Manufacturing (signed)|Win32.Build.0 = Release to Manufacturing (signed)|Any CPU
		{D6E88E6E-B1B4-46B0-BC93-DDD4785865DF}.Release|Any CPU.ActiveCfg = Release|Any CPU
		{D6E88E6E-B1B4-46B0-BC93-DDD4785865DF}.Release|Any CPU.Build.0 = Release|Any CPU
		{D6E88E6E-B1B4-46B0-BC93-DDD4785865DF}.Release|Mixed Platforms.ActiveCfg = Release|Any CPU
		{D6E88E6E-B1B4-46B0-BC93-DDD4785865DF}.Release|Mixed Platforms.Build.0 = Release|Any CPU
		{D6E88E6E-B1B4-46B0-BC93-DDD4785865DF}.Release|Win32.ActiveCfg = Release|Any CPU
		{D6E88E6E-B1B4-46B0-BC93-DDD4785865DF}.Release|Win32.Build.0 = Release|Any CPU
		{F9071930-348E-4A30-A0F6-A1A3DF3A587B}.Debug|Any CPU.ActiveCfg = Debug|Any CPU
		{F9071930-348E-4A30-A0F6-A1A3DF3A587B}.Debug|Any CPU.Build.0 = Debug|Any CPU
		{F9071930-348E-4A30-A0F6-A1A3DF3A587B}.Debug|Mixed Platforms.ActiveCfg = Debug|Any CPU
		{F9071930-348E-4A30-A0F6-A1A3DF3A587B}.Debug|Mixed Platforms.Build.0 = Debug|Any CPU
		{F9071930-348E-4A30-A0F6-A1A3DF3A587B}.Debug|Win32.ActiveCfg = Debug|Any CPU
		{F9071930-348E-4A30-A0F6-A1A3DF3A587B}.Debug|Win32.Build.0 = Debug|Any CPU
		{F9071930-348E-4A30-A0F6-A1A3DF3A587B}.Release to Manufacturing (signed)|Any CPU.ActiveCfg = Release to Manufacturing (signed)|Any CPU
		{F9071930-348E-4A30-A0F6-A1A3DF3A587B}.Release to Manufacturing (signed)|Any CPU.Build.0 = Release to Manufacturing (signed)|Any CPU
		{F9071930-348E-4A30-A0F6-A1A3DF3A587B}.Release to Manufacturing (signed)|Mixed Platforms.ActiveCfg = Release to Manufacturing (signed)|Any CPU
		{F9071930-348E-4A30-A0F6-A1A3DF3A587B}.Release to Manufacturing (signed)|Mixed Platforms.Build.0 = Release to Manufacturing (signed)|Any CPU
		{F9071930-348E-4A30-A0F6-A1A3DF3A587B}.Release to Manufacturing (signed)|Win32.ActiveCfg = Release to Manufacturing (signed)|Any CPU
		{F9071930-348E-4A30-A0F6-A1A3DF3A587B}.Release to Manufacturing (signed)|Win32.Build.0 = Release to Manufacturing (signed)|Any CPU
		{F9071930-348E-4A30-A0F6-A1A3DF3A587B}.Release|Any CPU.ActiveCfg = Release|Any CPU
		{F9071930-348E-4A30-A0F6-A1A3DF3A587B}.Release|Any CPU.Build.0 = Release|Any CPU
		{F9071930-348E-4A30-A0F6-A1A3DF3A587B}.Release|Mixed Platforms.ActiveCfg = Release|Any CPU
		{F9071930-348E-4A30-A0F6-A1A3DF3A587B}.Release|Mixed Platforms.Build.0 = Release|Any CPU
		{F9071930-348E-4A30-A0F6-A1A3DF3A587B}.Release|Win32.ActiveCfg = Release|Any CPU
		{F9071930-348E-4A30-A0F6-A1A3DF3A587B}.Release|Win32.Build.0 = Release|Any CPU
		{599773FF-1E86-4AC2-8B24-34BBAC707370}.Debug|Any CPU.ActiveCfg = Release|Any CPU
		{599773FF-1E86-4AC2-8B24-34BBAC707370}.Debug|Any CPU.Build.0 = Release|Any CPU
		{599773FF-1E86-4AC2-8B24-34BBAC707370}.Debug|Mixed Platforms.ActiveCfg = Debug|Any CPU
		{599773FF-1E86-4AC2-8B24-34BBAC707370}.Debug|Win32.ActiveCfg = Debug|Any CPU
		{599773FF-1E86-4AC2-8B24-34BBAC707370}.Debug|Win32.Build.0 = Debug|Any CPU
		{599773FF-1E86-4AC2-8B24-34BBAC707370}.Release to Manufacturing (signed)|Any CPU.ActiveCfg = Release to Manufacturing (signed)|Any CPU
		{599773FF-1E86-4AC2-8B24-34BBAC707370}.Release to Manufacturing (signed)|Any CPU.Build.0 = Release to Manufacturing (signed)|Any CPU
		{599773FF-1E86-4AC2-8B24-34BBAC707370}.Release to Manufacturing (signed)|Mixed Platforms.ActiveCfg = Release to Manufacturing (signed)|Any CPU
		{599773FF-1E86-4AC2-8B24-34BBAC707370}.Release to Manufacturing (signed)|Mixed Platforms.Build.0 = Release to Manufacturing (signed)|Any CPU
		{599773FF-1E86-4AC2-8B24-34BBAC707370}.Release to Manufacturing (signed)|Win32.ActiveCfg = Release to Manufacturing (signed)|Any CPU
		{599773FF-1E86-4AC2-8B24-34BBAC707370}.Release to Manufacturing (signed)|Win32.Build.0 = Release to Manufacturing (signed)|Any CPU
		{599773FF-1E86-4AC2-8B24-34BBAC707370}.Release|Any CPU.ActiveCfg = Release|Any CPU
		{599773FF-1E86-4AC2-8B24-34BBAC707370}.Release|Any CPU.Build.0 = Release|Any CPU
		{599773FF-1E86-4AC2-8B24-34BBAC707370}.Release|Mixed Platforms.ActiveCfg = Release|Any CPU
		{599773FF-1E86-4AC2-8B24-34BBAC707370}.Release|Mixed Platforms.Build.0 = Release|Any CPU
		{599773FF-1E86-4AC2-8B24-34BBAC707370}.Release|Win32.ActiveCfg = Release|Any CPU
		{599773FF-1E86-4AC2-8B24-34BBAC707370}.Release|Win32.Build.0 = Release|Any CPU
		{E7055581-7C0C-429F-8134-99D3413C5756}.Debug|Any CPU.ActiveCfg = Release|Any CPU
		{E7055581-7C0C-429F-8134-99D3413C5756}.Debug|Any CPU.Build.0 = Release|Any CPU
		{E7055581-7C0C-429F-8134-99D3413C5756}.Debug|Mixed Platforms.ActiveCfg = Debug|Any CPU
		{E7055581-7C0C-429F-8134-99D3413C5756}.Debug|Mixed Platforms.Build.0 = Debug|Any CPU
		{E7055581-7C0C-429F-8134-99D3413C5756}.Debug|Win32.ActiveCfg = Debug|Any CPU
		{E7055581-7C0C-429F-8134-99D3413C5756}.Debug|Win32.Build.0 = Debug|Any CPU
		{E7055581-7C0C-429F-8134-99D3413C5756}.Release to Manufacturing (signed)|Any CPU.ActiveCfg = Release|Any CPU
		{E7055581-7C0C-429F-8134-99D3413C5756}.Release to Manufacturing (signed)|Any CPU.Build.0 = Release|Any CPU
		{E7055581-7C0C-429F-8134-99D3413C5756}.Release to Manufacturing (signed)|Mixed Platforms.ActiveCfg = Release to Manufacturing (signed)|Any CPU
		{E7055581-7C0C-429F-8134-99D3413C5756}.Release to Manufacturing (signed)|Mixed Platforms.Build.0 = Release to Manufacturing (signed)|Any CPU
		{E7055581-7C0C-429F-8134-99D3413C5756}.Release to Manufacturing (signed)|Win32.ActiveCfg = Release to Manufacturing (signed)|Any CPU
		{E7055581-7C0C-429F-8134-99D3413C5756}.Release to Manufacturing (signed)|Win32.Build.0 = Release to Manufacturing (signed)|Any CPU
		{E7055581-7C0C-429F-8134-99D3413C5756}.Release|Any CPU.ActiveCfg = Release|Any CPU
		{E7055581-7C0C-429F-8134-99D3413C5756}.Release|Any CPU.Build.0 = Release|Any CPU
		{E7055581-7C0C-429F-8134-99D3413C5756}.Release|Mixed Platforms.ActiveCfg = Release|Any CPU
		{E7055581-7C0C-429F-8134-99D3413C5756}.Release|Mixed Platforms.Build.0 = Release|Any CPU
		{E7055581-7C0C-429F-8134-99D3413C5756}.Release|Win32.ActiveCfg = Release|Any CPU
		{E7055581-7C0C-429F-8134-99D3413C5756}.Release|Win32.Build.0 = Release|Any CPU		
		{8E9DFA0D-5D87-4244-9A73-D5200D14F0D9}.Debug|Any CPU.ActiveCfg = Debug
		{8E9DFA0D-5D87-4244-9A73-D5200D14F0D9}.Debug|Any CPU.Build.0 = Debug
		{8E9DFA0D-5D87-4244-9A73-D5200D14F0D9}.Debug|Mixed Platforms.ActiveCfg = Debug
		{8E9DFA0D-5D87-4244-9A73-D5200D14F0D9}.Debug|Win32.ActiveCfg = Debug
		{8E9DFA0D-5D87-4244-9A73-D5200D14F0D9}.Debug|Win32.Build.0 = Debug
		{8E9DFA0D-5D87-4244-9A73-D5200D14F0D9}.Release to Manufacturing (signed)|Any CPU.ActiveCfg = Release to Manufacturing (signed)
		{8E9DFA0D-5D87-4244-9A73-D5200D14F0D9}.Release to Manufacturing (signed)|Any CPU.Build.0 = Release to Manufacturing (signed)
		{8E9DFA0D-5D87-4244-9A73-D5200D14F0D9}.Release to Manufacturing (signed)|Mixed Platforms.ActiveCfg = Release to Manufacturing (signed)
		{8E9DFA0D-5D87-4244-9A73-D5200D14F0D9}.Release to Manufacturing (signed)|Mixed Platforms.Build.0 = Release to Manufacturing (signed)
		{8E9DFA0D-5D87-4244-9A73-D5200D14F0D9}.Release to Manufacturing (signed)|Win32.ActiveCfg = Release to Manufacturing (signed)
		{8E9DFA0D-5D87-4244-9A73-D5200D14F0D9}.Release to Manufacturing (signed)|Win32.Build.0 = Release to Manufacturing (signed)
		{8E9DFA0D-5D87-4244-9A73-D5200D14F0D9}.Release|Any CPU.ActiveCfg = Release
		{8E9DFA0D-5D87-4244-9A73-D5200D14F0D9}.Release|Mixed Platforms.ActiveCfg = Release
		{8E9DFA0D-5D87-4244-9A73-D5200D14F0D9}.Release|Mixed Platforms.Build.0 = Release
		{8E9DFA0D-5D87-4244-9A73-D5200D14F0D9}.Release|Win32.ActiveCfg = Release
		{8E9DFA0D-5D87-4244-9A73-D5200D14F0D9}.Release|Win32.Build.0 = Release		
		{0926B47F-86B3-4AAB-9F1C-A558A58E939B}.Debug|Any CPU.ActiveCfg = Debug|Win32
		{0926B47F-86B3-4AAB-9F1C-A558A58E939B}.Debug|Mixed Platforms.ActiveCfg = Debug|Win32
		{0926B47F-86B3-4AAB-9F1C-A558A58E939B}.Debug|Mixed Platforms.Build.0 = Debug|Win32
		{0926B47F-86B3-4AAB-9F1C-A558A58E939B}.Debug|Win32.ActiveCfg = Debug|Win32
		{0926B47F-86B3-4AAB-9F1C-A558A58E939B}.Release to Manufacturing (signed)|Any CPU.ActiveCfg = Release to Manufacturing (signed)|Win32
		{0926B47F-86B3-4AAB-9F1C-A558A58E939B}.Release to Manufacturing (signed)|Mixed Platforms.ActiveCfg = Release to Manufacturing (signed)|Win32
		{0926B47F-86B3-4AAB-9F1C-A558A58E939B}.Release to Manufacturing (signed)|Mixed Platforms.Build.0 = Release to Manufacturing (signed)|Win32
		{0926B47F-86B3-4AAB-9F1C-A558A58E939B}.Release to Manufacturing (signed)|Win32.ActiveCfg = Release to Manufacturing (signed)|Win32
		{0926B47F-86B3-4AAB-9F1C-A558A58E939B}.Release to Manufacturing (signed)|Win32.Build.0 = Release to Manufacturing (signed)|Win32
		{0926B47F-86B3-4AAB-9F1C-A558A58E939B}.Release|Any CPU.ActiveCfg = Release|Win32
		{0926B47F-86B3-4AAB-9F1C-A558A58E939B}.Release|Mixed Platforms.ActiveCfg = Release|Win32
		{0926B47F-86B3-4AAB-9F1C-A558A58E939B}.Release|Mixed Platforms.Build.0 = Release|Win32
		{0926B47F-86B3-4AAB-9F1C-A558A58E939B}.Release|Win32.ActiveCfg = Release|Win32
		{0926B47F-86B3-4AAB-9F1C-A558A58E939B}.Release|Win32.Build.0 = Release|Win32
		{2329EA27-8A83-4AFB-89CE-CBE1E72F4A10}.Debug|Any CPU.ActiveCfg = Debug|Any CPU
		{2329EA27-8A83-4AFB-89CE-CBE1E72F4A10}.Debug|Any CPU.Build.0 = Debug|Any CPU
		{2329EA27-8A83-4AFB-89CE-CBE1E72F4A10}.Debug|Mixed Platforms.ActiveCfg = Debug|Any CPU
		{2329EA27-8A83-4AFB-89CE-CBE1E72F4A10}.Debug|Mixed Platforms.Build.0 = Debug|Any CPU
		{2329EA27-8A83-4AFB-89CE-CBE1E72F4A10}.Debug|Win32.ActiveCfg = Debug|Any CPU
		{2329EA27-8A83-4AFB-89CE-CBE1E72F4A10}.Release to Manufacturing (signed)|Any CPU.ActiveCfg = Release to Manufacturing (signed)|Any CPU
		{2329EA27-8A83-4AFB-89CE-CBE1E72F4A10}.Release to Manufacturing (signed)|Any CPU.Build.0 = Release to Manufacturing (signed)|Any CPU
		{2329EA27-8A83-4AFB-89CE-CBE1E72F4A10}.Release to Manufacturing (signed)|Mixed Platforms.ActiveCfg = Release to Manufacturing (signed)|Any CPU
		{2329EA27-8A83-4AFB-89CE-CBE1E72F4A10}.Release to Manufacturing (signed)|Mixed Platforms.Build.0 = Release to Manufacturing (signed)|Any CPU
		{2329EA27-8A83-4AFB-89CE-CBE1E72F4A10}.Release to Manufacturing (signed)|Win32.ActiveCfg = Release to Manufacturing (signed)|Any CPU
		{2329EA27-8A83-4AFB-89CE-CBE1E72F4A10}.Release to Manufacturing (signed)|Win32.Build.0 = Release to Manufacturing (signed)|Any CPU
		{2329EA27-8A83-4AFB-89CE-CBE1E72F4A10}.Release|Any CPU.ActiveCfg = Release|Any CPU
		{2329EA27-8A83-4AFB-89CE-CBE1E72F4A10}.Release|Any CPU.Build.0 = Release|Any CPU
		{2329EA27-8A83-4AFB-89CE-CBE1E72F4A10}.Release|Mixed Platforms.ActiveCfg = Release|Any CPU
		{2329EA27-8A83-4AFB-89CE-CBE1E72F4A10}.Release|Mixed Platforms.Build.0 = Release|Any CPU
		{2329EA27-8A83-4AFB-89CE-CBE1E72F4A10}.Release|Win32.ActiveCfg = Release|Any CPU
		{2329EA27-8A83-4AFB-89CE-CBE1E72F4A10}.Release|Win32.Build.0 = Release|Any CPU
		{289C4B72-B929-4E3D-808F-F622E275AC70}.Debug|Any CPU.ActiveCfg = Debug|Any CPU
		{289C4B72-B929-4E3D-808F-F622E275AC70}.Debug|Any CPU.Build.0 = Debug|Any CPU
		{289C4B72-B929-4E3D-808F-F622E275AC70}.Debug|Mixed Platforms.ActiveCfg = Debug|Any CPU
		{289C4B72-B929-4E3D-808F-F622E275AC70}.Debug|Mixed Platforms.Build.0 = Debug|Any CPU
		{289C4B72-B929-4E3D-808F-F622E275AC70}.Debug|Win32.ActiveCfg = Debug|Any CPU
		{289C4B72-B929-4E3D-808F-F622E275AC70}.Debug|Win32.Build.0 = Debug|Any CPU
		{289C4B72-B929-4E3D-808F-F622E275AC70}.Release to Manufacturing (signed)|Any CPU.ActiveCfg = Release to Manufacturing (signed)|Any CPU
		{289C4B72-B929-4E3D-808F-F622E275AC70}.Release to Manufacturing (signed)|Any CPU.Build.0 = Release to Manufacturing (signed)|Any CPU
		{289C4B72-B929-4E3D-808F-F622E275AC70}.Release to Manufacturing (signed)|Mixed Platforms.ActiveCfg = Release to Manufacturing (signed)|Any CPU
		{289C4B72-B929-4E3D-808F-F622E275AC70}.Release to Manufacturing (signed)|Mixed Platforms.Build.0 = Release to Manufacturing (signed)|Any CPU
		{289C4B72-B929-4E3D-808F-F622E275AC70}.Release to Manufacturing (signed)|Win32.ActiveCfg = Release to Manufacturing (signed)|Any CPU
		{289C4B72-B929-4E3D-808F-F622E275AC70}.Release|Any CPU.ActiveCfg = Release|Any CPU
		{289C4B72-B929-4E3D-808F-F622E275AC70}.Release|Any CPU.Build.0 = Release|Any CPU
		{289C4B72-B929-4E3D-808F-F622E275AC70}.Release|Mixed Platforms.ActiveCfg = Release|Any CPU
		{289C4B72-B929-4E3D-808F-F622E275AC70}.Release|Mixed Platforms.Build.0 = Release|Any CPU
		{289C4B72-B929-4E3D-808F-F622E275AC70}.Release|Win32.ActiveCfg = Release|Any CPU
		{289C4B72-B929-4E3D-808F-F622E275AC70}.Release|Win32.Build.0 = Release|Any CPU
		{FE137308-33BD-4113-9951-E6DCF1023F34}.Debug|Any CPU.ActiveCfg = Debug
		{FE137308-33BD-4113-9951-E6DCF1023F34}.Debug|Any CPU.Build.0 = Debug
		{FE137308-33BD-4113-9951-E6DCF1023F34}.Debug|Mixed Platforms.ActiveCfg = Debug
		{FE137308-33BD-4113-9951-E6DCF1023F34}.Debug|Mixed Platforms.Build.0 = Debug
		{FE137308-33BD-4113-9951-E6DCF1023F34}.Debug|Win32.ActiveCfg = Debug
		{FE137308-33BD-4113-9951-E6DCF1023F34}.Debug|Win32.Build.0 = Debug
		{FE137308-33BD-4113-9951-E6DCF1023F34}.Release to Manufacturing (signed)|Any CPU.ActiveCfg = Release to Manufacturing (signed)
		{FE137308-33BD-4113-9951-E6DCF1023F34}.Release to Manufacturing (signed)|Any CPU.Build.0 = Release to Manufacturing (signed)
		{FE137308-33BD-4113-9951-E6DCF1023F34}.Release to Manufacturing (signed)|Mixed Platforms.ActiveCfg = Release to Manufacturing (signed)
		{FE137308-33BD-4113-9951-E6DCF1023F34}.Release to Manufacturing (signed)|Mixed Platforms.Build.0 = Release to Manufacturing (signed)
		{FE137308-33BD-4113-9951-E6DCF1023F34}.Release to Manufacturing (signed)|Win32.ActiveCfg = Release to Manufacturing (signed)
		{FE137308-33BD-4113-9951-E6DCF1023F34}.Release to Manufacturing (signed)|Win32.Build.0 = Release to Manufacturing (signed)
		{FE137308-33BD-4113-9951-E6DCF1023F34}.Release|Any CPU.ActiveCfg = Release to Manufacturing (signed)
		{FE137308-33BD-4113-9951-E6DCF1023F34}.Release|Any CPU.Build.0 = Release to Manufacturing (signed)
		{FE137308-33BD-4113-9951-E6DCF1023F34}.Release|Mixed Platforms.ActiveCfg = Release to Manufacturing (signed)
		{FE137308-33BD-4113-9951-E6DCF1023F34}.Release|Mixed Platforms.Build.0 = Release to Manufacturing (signed)
		{FE137308-33BD-4113-9951-E6DCF1023F34}.Release|Win32.ActiveCfg = Release to Manufacturing (signed)
		{FE137308-33BD-4113-9951-E6DCF1023F34}.Release|Win32.Build.0 = Release to Manufacturing (signed)
		{686B68A3-A89A-458F-8281-E5F00068C0AB}.Debug|Any CPU.ActiveCfg = Debug|Any CPU
		{686B68A3-A89A-458F-8281-E5F00068C0AB}.Debug|Any CPU.Build.0 = Debug|Any CPU
		{686B68A3-A89A-458F-8281-E5F00068C0AB}.Debug|Mixed Platforms.ActiveCfg = Debug|Any CPU
		{686B68A3-A89A-458F-8281-E5F00068C0AB}.Debug|Mixed Platforms.Build.0 = Debug|Any CPU
		{686B68A3-A89A-458F-8281-E5F00068C0AB}.Debug|Win32.ActiveCfg = Debug|Any CPU
		{686B68A3-A89A-458F-8281-E5F00068C0AB}.Release to Manufacturing (signed)|Any CPU.ActiveCfg = Release to Manufacturing (signed)|Any CPU
		{686B68A3-A89A-458F-8281-E5F00068C0AB}.Release to Manufacturing (signed)|Any CPU.Build.0 = Release to Manufacturing (signed)|Any CPU
		{686B68A3-A89A-458F-8281-E5F00068C0AB}.Release to Manufacturing (signed)|Mixed Platforms.ActiveCfg = Release to Manufacturing (signed)|Any CPU
		{686B68A3-A89A-458F-8281-E5F00068C0AB}.Release to Manufacturing (signed)|Mixed Platforms.Build.0 = Release to Manufacturing (signed)|Any CPU
		{686B68A3-A89A-458F-8281-E5F00068C0AB}.Release to Manufacturing (signed)|Win32.ActiveCfg = Release to Manufacturing (signed)|Any CPU
		{686B68A3-A89A-458F-8281-E5F00068C0AB}.Release|Any CPU.ActiveCfg = Release|Any CPU
		{686B68A3-A89A-458F-8281-E5F00068C0AB}.Release|Any CPU.Build.0 = Release|Any CPU
		{686B68A3-A89A-458F-8281-E5F00068C0AB}.Release|Mixed Platforms.ActiveCfg = Release|Any CPU
		{686B68A3-A89A-458F-8281-E5F00068C0AB}.Release|Mixed Platforms.Build.0 = Release|Any CPU
		{686B68A3-A89A-458F-8281-E5F00068C0AB}.Release|Win32.ActiveCfg = Release|Any CPU
		{FED3CFB2-ED96-4027-86DE-F490CD65CD3D}.Debug|Any CPU.ActiveCfg = Debug|Win32
		{FED3CFB2-ED96-4027-86DE-F490CD65CD3D}.Debug|Mixed Platforms.ActiveCfg = Debug|Win32
		{FED3CFB2-ED96-4027-86DE-F490CD65CD3D}.Debug|Win32.ActiveCfg = Debug|Win32
		{FED3CFB2-ED96-4027-86DE-F490CD65CD3D}.Debug|Win32.Build.0 = Debug|Win32
		{FED3CFB2-ED96-4027-86DE-F490CD65CD3D}.Release to Manufacturing (signed)|Any CPU.ActiveCfg = Release to Manufacturing (signed)|Win32
		{FED3CFB2-ED96-4027-86DE-F490CD65CD3D}.Release to Manufacturing (signed)|Mixed Platforms.ActiveCfg = Release to Manufacturing (signed)|Win32
		{FED3CFB2-ED96-4027-86DE-F490CD65CD3D}.Release to Manufacturing (signed)|Mixed Platforms.Build.0 = Release to Manufacturing (signed)|Win32
		{FED3CFB2-ED96-4027-86DE-F490CD65CD3D}.Release to Manufacturing (signed)|Win32.ActiveCfg = Release to Manufacturing (signed)|Win32
		{FED3CFB2-ED96-4027-86DE-F490CD65CD3D}.Release to Manufacturing (signed)|Win32.Build.0 = Release to Manufacturing (signed)|Win32
		{FED3CFB2-ED96-4027-86DE-F490CD65CD3D}.Release|Any CPU.ActiveCfg = Release|Win32
		{FED3CFB2-ED96-4027-86DE-F490CD65CD3D}.Release|Mixed Platforms.ActiveCfg = Release|Win32
		{FED3CFB2-ED96-4027-86DE-F490CD65CD3D}.Release|Mixed Platforms.Build.0 = Release|Win32
		{FED3CFB2-ED96-4027-86DE-F490CD65CD3D}.Release|Win32.ActiveCfg = Release|Win32
		{FED3CFB2-ED96-4027-86DE-F490CD65CD3D}.Release|Win32.Build.0 = Release|Win32
		{294AC077-14E0-4630-B689-B440F3887550}.Debug|Any CPU.ActiveCfg = Debug|Any CPU
		{294AC077-14E0-4630-B689-B440F3887550}.Debug|Any CPU.Build.0 = Debug|Any CPU
		{294AC077-14E0-4630-B689-B440F3887550}.Debug|Mixed Platforms.ActiveCfg = Debug|Any CPU
		{294AC077-14E0-4630-B689-B440F3887550}.Debug|Mixed Platforms.Build.0 = Debug|Any CPU
		{294AC077-14E0-4630-B689-B440F3887550}.Debug|Win32.ActiveCfg = Debug|Any CPU
		{294AC077-14E0-4630-B689-B440F3887550}.Release to Manufacturing (signed)|Any CPU.ActiveCfg = Release to Manufacturing (signed)|Any CPU
		{294AC077-14E0-4630-B689-B440F3887550}.Release to Manufacturing (signed)|Any CPU.Build.0 = Release to Manufacturing (signed)|Any CPU
		{294AC077-14E0-4630-B689-B440F3887550}.Release to Manufacturing (signed)|Mixed Platforms.ActiveCfg = Release to Manufacturing (signed)|Any CPU
		{294AC077-14E0-4630-B689-B440F3887550}.Release to Manufacturing (signed)|Mixed Platforms.Build.0 = Release to Manufacturing (signed)|Any CPU
		{294AC077-14E0-4630-B689-B440F3887550}.Release to Manufacturing (signed)|Win32.ActiveCfg = Release to Manufacturing (signed)|Any CPU
		{294AC077-14E0-4630-B689-B440F3887550}.Release|Any CPU.ActiveCfg = Release|Any CPU
		{294AC077-14E0-4630-B689-B440F3887550}.Release|Any CPU.Build.0 = Release|Any CPU
		{294AC077-14E0-4630-B689-B440F3887550}.Release|Mixed Platforms.ActiveCfg = Release|Any CPU
		{294AC077-14E0-4630-B689-B440F3887550}.Release|Mixed Platforms.Build.0 = Release|Any CPU
		{294AC077-14E0-4630-B689-B440F3887550}.Release|Win32.ActiveCfg = Release|Any CPU
		{6293D7DA-2382-43D2-892C-48C3D45ADF71}.Debug|Any CPU.ActiveCfg = Debug|Win32
		{6293D7DA-2382-43D2-892C-48C3D45ADF71}.Debug|Mixed Platforms.ActiveCfg = Debug|Win32
		{6293D7DA-2382-43D2-892C-48C3D45ADF71}.Debug|Win32.ActiveCfg = Debug|Win32
		{6293D7DA-2382-43D2-892C-48C3D45ADF71}.Debug|Win32.Build.0 = Debug|Win32
		{6293D7DA-2382-43D2-892C-48C3D45ADF71}.Release to Manufacturing (signed)|Any CPU.ActiveCfg = Release to Manufacturing (signed)|Win32
		{6293D7DA-2382-43D2-892C-48C3D45ADF71}.Release to Manufacturing (signed)|Mixed Platforms.ActiveCfg = Release to Manufacturing (signed)|Win32
		{6293D7DA-2382-43D2-892C-48C3D45ADF71}.Release to Manufacturing (signed)|Mixed Platforms.Build.0 = Release to Manufacturing (signed)|Win32
		{6293D7DA-2382-43D2-892C-48C3D45ADF71}.Release to Manufacturing (signed)|Win32.ActiveCfg = Release to Manufacturing (signed)|Win32
		{6293D7DA-2382-43D2-892C-48C3D45ADF71}.Release to Manufacturing (signed)|Win32.Build.0 = Release to Manufacturing (signed)|Win32
		{6293D7DA-2382-43D2-892C-48C3D45ADF71}.Release|Any CPU.ActiveCfg = Release|Win32
		{6293D7DA-2382-43D2-892C-48C3D45ADF71}.Release|Mixed Platforms.ActiveCfg = Release|Win32
		{6293D7DA-2382-43D2-892C-48C3D45ADF71}.Release|Mixed Platforms.Build.0 = Release|Win32
		{6293D7DA-2382-43D2-892C-48C3D45ADF71}.Release|Win32.ActiveCfg = Release|Win32
		{6293D7DA-2382-43D2-892C-48C3D45ADF71}.Release|Win32.Build.0 = Release|Win32
		{8749ADFC-2CD9-4928-8514-79FDBF668D0F}.Debug|Any CPU.ActiveCfg = Debug
		{8749ADFC-2CD9-4928-8514-79FDBF668D0F}.Debug|Any CPU.Build.0 = Debug
		{8749ADFC-2CD9-4928-8514-79FDBF668D0F}.Debug|Mixed Platforms.ActiveCfg = Debug
		{8749ADFC-2CD9-4928-8514-79FDBF668D0F}.Debug|Mixed Platforms.Build.0 = Debug
		{8749ADFC-2CD9-4928-8514-79FDBF668D0F}.Debug|Win32.ActiveCfg = Debug
		{8749ADFC-2CD9-4928-8514-79FDBF668D0F}.Debug|Win32.Build.0 = Debug
		{8749ADFC-2CD9-4928-8514-79FDBF668D0F}.Release to Manufacturing (signed)|Any CPU.ActiveCfg = Release to Manufacturing (signed)
		{8749ADFC-2CD9-4928-8514-79FDBF668D0F}.Release to Manufacturing (signed)|Any CPU.Build.0 = Release to Manufacturing (signed)
		{8749ADFC-2CD9-4928-8514-79FDBF668D0F}.Release to Manufacturing (signed)|Mixed Platforms.ActiveCfg = Release to Manufacturing (signed)
		{8749ADFC-2CD9-4928-8514-79FDBF668D0F}.Release to Manufacturing (signed)|Mixed Platforms.Build.0 = Release to Manufacturing (signed)
		{8749ADFC-2CD9-4928-8514-79FDBF668D0F}.Release to Manufacturing (signed)|Win32.ActiveCfg = Release to Manufacturing (signed)
		{8749ADFC-2CD9-4928-8514-79FDBF668D0F}.Release to Manufacturing (signed)|Win32.Build.0 = Release to Manufacturing (signed)
		{8749ADFC-2CD9-4928-8514-79FDBF668D0F}.Release|Any CPU.ActiveCfg = Release to Manufacturing (signed)
		{8749ADFC-2CD9-4928-8514-79FDBF668D0F}.Release|Any CPU.Build.0 = Release to Manufacturing (signed)
		{8749ADFC-2CD9-4928-8514-79FDBF668D0F}.Release|Mixed Platforms.ActiveCfg = Release to Manufacturing (signed)
		{8749ADFC-2CD9-4928-8514-79FDBF668D0F}.Release|Mixed Platforms.Build.0 = Release to Manufacturing (signed)
		{8749ADFC-2CD9-4928-8514-79FDBF668D0F}.Release|Win32.ActiveCfg = Release to Manufacturing (signed)
		{8749ADFC-2CD9-4928-8514-79FDBF668D0F}.Release|Win32.Build.0 = Release to Manufacturing (signed)
		{CAE1BF68-DC61-4C40-979A-4BF5C32BF887}.Debug|Any CPU.ActiveCfg = Debug
		{CAE1BF68-DC61-4C40-979A-4BF5C32BF887}.Debug|Any CPU.Build.0 = Debug
		{CAE1BF68-DC61-4C40-979A-4BF5C32BF887}.Debug|Mixed Platforms.ActiveCfg = Debug
		{CAE1BF68-DC61-4C40-979A-4BF5C32BF887}.Debug|Mixed Platforms.Build.0 = Debug
		{CAE1BF68-DC61-4C40-979A-4BF5C32BF887}.Debug|Win32.ActiveCfg = Debug
		{CAE1BF68-DC61-4C40-979A-4BF5C32BF887}.Debug|Win32.Build.0 = Debug
		{CAE1BF68-DC61-4C40-979A-4BF5C32BF887}.Release to Manufacturing (signed)|Any CPU.ActiveCfg = Release to Manufacturing (signed)
		{CAE1BF68-DC61-4C40-979A-4BF5C32BF887}.Release to Manufacturing (signed)|Any CPU.Build.0 = Release to Manufacturing (signed)
		{CAE1BF68-DC61-4C40-979A-4BF5C32BF887}.Release to Manufacturing (signed)|Mixed Platforms.ActiveCfg = Release to Manufacturing (signed)
		{CAE1BF68-DC61-4C40-979A-4BF5C32BF887}.Release to Manufacturing (signed)|Mixed Platforms.Build.0 = Release to Manufacturing (signed)
		{CAE1BF68-DC61-4C40-979A-4BF5C32BF887}.Release to Manufacturing (signed)|Win32.ActiveCfg = Release to Manufacturing (signed)
		{CAE1BF68-DC61-4C40-979A-4BF5C32BF887}.Release to Manufacturing (signed)|Win32.Build.0 = Release to Manufacturing (signed)
		{CAE1BF68-DC61-4C40-979A-4BF5C32BF887}.Release|Any CPU.ActiveCfg = Release to Manufacturing (signed)
		{CAE1BF68-DC61-4C40-979A-4BF5C32BF887}.Release|Any CPU.Build.0 = Release to Manufacturing (signed)
		{CAE1BF68-DC61-4C40-979A-4BF5C32BF887}.Release|Mixed Platforms.ActiveCfg = Release to Manufacturing (signed)
		{CAE1BF68-DC61-4C40-979A-4BF5C32BF887}.Release|Mixed Platforms.Build.0 = Release to Manufacturing (signed)
		{CAE1BF68-DC61-4C40-979A-4BF5C32BF887}.Release|Win32.ActiveCfg = Release to Manufacturing (signed)
		{CAE1BF68-DC61-4C40-979A-4BF5C32BF887}.Release|Win32.Build.0 = Release to Manufacturing (signed)
		{A22A5BE9-0F2A-449A-8E17-C04AAA17A2F9}.Debug|Any CPU.ActiveCfg = Debug
		{A22A5BE9-0F2A-449A-8E17-C04AAA17A2F9}.Debug|Any CPU.Build.0 = Debug
		{A22A5BE9-0F2A-449A-8E17-C04AAA17A2F9}.Debug|Mixed Platforms.ActiveCfg = Debug
		{A22A5BE9-0F2A-449A-8E17-C04AAA17A2F9}.Debug|Mixed Platforms.Build.0 = Debug
		{A22A5BE9-0F2A-449A-8E17-C04AAA17A2F9}.Debug|Win32.ActiveCfg = Debug
		{A22A5BE9-0F2A-449A-8E17-C04AAA17A2F9}.Debug|Win32.Build.0 = Debug
		{A22A5BE9-0F2A-449A-8E17-C04AAA17A2F9}.Release to Manufacturing (signed)|Any CPU.ActiveCfg = Release to Manufacturing (signed)
		{A22A5BE9-0F2A-449A-8E17-C04AAA17A2F9}.Release to Manufacturing (signed)|Any CPU.Build.0 = Release to Manufacturing (signed)
		{A22A5BE9-0F2A-449A-8E17-C04AAA17A2F9}.Release to Manufacturing (signed)|Mixed Platforms.ActiveCfg = Release to Manufacturing (signed)
		{A22A5BE9-0F2A-449A-8E17-C04AAA17A2F9}.Release to Manufacturing (signed)|Mixed Platforms.Build.0 = Release to Manufacturing (signed)
		{A22A5BE9-0F2A-449A-8E17-C04AAA17A2F9}.Release to Manufacturing (signed)|Win32.ActiveCfg = Release to Manufacturing (signed)
		{A22A5BE9-0F2A-449A-8E17-C04AAA17A2F9}.Release to Manufacturing (signed)|Win32.Build.0 = Release to Manufacturing (signed)
		{A22A5BE9-0F2A-449A-8E17-C04AAA17A2F9}.Release|Any CPU.ActiveCfg = Release to Manufacturing (signed)
		{A22A5BE9-0F2A-449A-8E17-C04AAA17A2F9}.Release|Any CPU.Build.0 = Release to Manufacturing (signed)
		{A22A5BE9-0F2A-449A-8E17-C04AAA17A2F9}.Release|Mixed Platforms.ActiveCfg = Release to Manufacturing (signed)
		{A22A5BE9-0F2A-449A-8E17-C04AAA17A2F9}.Release|Mixed Platforms.Build.0 = Release to Manufacturing (signed)
		{A22A5BE9-0F2A-449A-8E17-C04AAA17A2F9}.Release|Win32.ActiveCfg = Release to Manufacturing (signed)
		{A22A5BE9-0F2A-449A-8E17-C04AAA17A2F9}.Release|Win32.Build.0 = Release to Manufacturing (signed)
		{24AE33BD-A643-4C40-989A-D6552D684396}.Debug|Any CPU.ActiveCfg = Debug
		{24AE33BD-A643-4C40-989A-D6552D684396}.Debug|Any CPU.Build.0 = Debug
		{24AE33BD-A643-4C40-989A-D6552D684396}.Debug|Mixed Platforms.ActiveCfg = Debug
		{24AE33BD-A643-4C40-989A-D6552D684396}.Debug|Mixed Platforms.Build.0 = Debug
		{24AE33BD-A643-4C40-989A-D6552D684396}.Debug|Win32.ActiveCfg = Debug
		{24AE33BD-A643-4C40-989A-D6552D684396}.Debug|Win32.Build.0 = Debug
		{24AE33BD-A643-4C40-989A-D6552D684396}.Release to Manufacturing (signed)|Any CPU.ActiveCfg = Release to Manufacturing (signed)
		{24AE33BD-A643-4C40-989A-D6552D684396}.Release to Manufacturing (signed)|Any CPU.Build.0 = Release to Manufacturing (signed)
		{24AE33BD-A643-4C40-989A-D6552D684396}.Release to Manufacturing (signed)|Mixed Platforms.ActiveCfg = Release to Manufacturing (signed)
		{24AE33BD-A643-4C40-989A-D6552D684396}.Release to Manufacturing (signed)|Mixed Platforms.Build.0 = Release to Manufacturing (signed)
		{24AE33BD-A643-4C40-989A-D6552D684396}.Release to Manufacturing (signed)|Win32.ActiveCfg = Release to Manufacturing (signed)
		{24AE33BD-A643-4C40-989A-D6552D684396}.Release to Manufacturing (signed)|Win32.Build.0 = Release to Manufacturing (signed)
		{24AE33BD-A643-4C40-989A-D6552D684396}.Release|Any CPU.ActiveCfg = Release to Manufacturing (signed)
		{24AE33BD-A643-4C40-989A-D6552D684396}.Release|Any CPU.Build.0 = Release to Manufacturing (signed)
		{24AE33BD-A643-4C40-989A-D6552D684396}.Release|Mixed Platforms.ActiveCfg = Release to Manufacturing (signed)
		{24AE33BD-A643-4C40-989A-D6552D684396}.Release|Mixed Platforms.Build.0 = Release to Manufacturing (signed)
		{24AE33BD-A643-4C40-989A-D6552D684396}.Release|Win32.ActiveCfg = Release to Manufacturing (signed)
		{24AE33BD-A643-4C40-989A-D6552D684396}.Release|Win32.Build.0 = Release to Manufacturing (signed)
		{7EBA039B-D49F-433D-BA4F-930E9938C1ED}.Debug|Any CPU.ActiveCfg = Debug
		{7EBA039B-D49F-433D-BA4F-930E9938C1ED}.Debug|Any CPU.Build.0 = Debug
		{7EBA039B-D49F-433D-BA4F-930E9938C1ED}.Debug|Mixed Platforms.ActiveCfg = Debug
		{7EBA039B-D49F-433D-BA4F-930E9938C1ED}.Debug|Mixed Platforms.Build.0 = Debug
		{7EBA039B-D49F-433D-BA4F-930E9938C1ED}.Debug|Win32.ActiveCfg = Debug
		{7EBA039B-D49F-433D-BA4F-930E9938C1ED}.Debug|Win32.Build.0 = Debug
		{7EBA039B-D49F-433D-BA4F-930E9938C1ED}.Release to Manufacturing (signed)|Any CPU.ActiveCfg = Release to Manufacturing (signed)
		{7EBA039B-D49F-433D-BA4F-930E9938C1ED}.Release to Manufacturing (signed)|Any CPU.Build.0 = Release to Manufacturing (signed)
		{7EBA039B-D49F-433D-BA4F-930E9938C1ED}.Release to Manufacturing (signed)|Mixed Platforms.ActiveCfg = Release to Manufacturing (signed)
		{7EBA039B-D49F-433D-BA4F-930E9938C1ED}.Release to Manufacturing (signed)|Mixed Platforms.Build.0 = Release to Manufacturing (signed)
		{7EBA039B-D49F-433D-BA4F-930E9938C1ED}.Release to Manufacturing (signed)|Win32.ActiveCfg = Release to Manufacturing (signed)
		{7EBA039B-D49F-433D-BA4F-930E9938C1ED}.Release to Manufacturing (signed)|Win32.Build.0 = Release to Manufacturing (signed)
		{7EBA039B-D49F-433D-BA4F-930E9938C1ED}.Release|Any CPU.ActiveCfg = Release to Manufacturing (signed)
		{7EBA039B-D49F-433D-BA4F-930E9938C1ED}.Release|Any CPU.Build.0 = Release to Manufacturing (signed)
		{7EBA039B-D49F-433D-BA4F-930E9938C1ED}.Release|Mixed Platforms.ActiveCfg = Release to Manufacturing (signed)
		{7EBA039B-D49F-433D-BA4F-930E9938C1ED}.Release|Mixed Platforms.Build.0 = Release to Manufacturing (signed)
		{7EBA039B-D49F-433D-BA4F-930E9938C1ED}.Release|Win32.ActiveCfg = Release to Manufacturing (signed)
		{7EBA039B-D49F-433D-BA4F-930E9938C1ED}.Release|Win32.Build.0 = Release to Manufacturing (signed)
		{E4DF865D-1012-41B1-BB2A-ED20A93CA81F}.Debug|Any CPU.ActiveCfg = Debug
		{E4DF865D-1012-41B1-BB2A-ED20A93CA81F}.Debug|Any CPU.Build.0 = Debug
		{E4DF865D-1012-41B1-BB2A-ED20A93CA81F}.Debug|Mixed Platforms.ActiveCfg = Debug
		{E4DF865D-1012-41B1-BB2A-ED20A93CA81F}.Debug|Mixed Platforms.Build.0 = Debug
		{E4DF865D-1012-41B1-BB2A-ED20A93CA81F}.Debug|Win32.ActiveCfg = Debug
		{E4DF865D-1012-41B1-BB2A-ED20A93CA81F}.Debug|Win32.Build.0 = Debug
		{E4DF865D-1012-41B1-BB2A-ED20A93CA81F}.Release to Manufacturing (signed)|Any CPU.ActiveCfg = Release to Manufacturing (signed)
		{E4DF865D-1012-41B1-BB2A-ED20A93CA81F}.Release to Manufacturing (signed)|Any CPU.Build.0 = Release to Manufacturing (signed)
		{E4DF865D-1012-41B1-BB2A-ED20A93CA81F}.Release to Manufacturing (signed)|Mixed Platforms.ActiveCfg = Release to Manufacturing (signed)
		{E4DF865D-1012-41B1-BB2A-ED20A93CA81F}.Release to Manufacturing (signed)|Mixed Platforms.Build.0 = Release to Manufacturing (signed)
		{E4DF865D-1012-41B1-BB2A-ED20A93CA81F}.Release to Manufacturing (signed)|Win32.ActiveCfg = Release to Manufacturing (signed)
		{E4DF865D-1012-41B1-BB2A-ED20A93CA81F}.Release to Manufacturing (signed)|Win32.Build.0 = Release to Manufacturing (signed)
		{E4DF865D-1012-41B1-BB2A-ED20A93CA81F}.Release|Any CPU.ActiveCfg = Release to Manufacturing (signed)
		{E4DF865D-1012-41B1-BB2A-ED20A93CA81F}.Release|Any CPU.Build.0 = Release to Manufacturing (signed)
		{E4DF865D-1012-41B1-BB2A-ED20A93CA81F}.Release|Mixed Platforms.ActiveCfg = Release to Manufacturing (signed)
		{E4DF865D-1012-41B1-BB2A-ED20A93CA81F}.Release|Mixed Platforms.Build.0 = Release to Manufacturing (signed)
		{E4DF865D-1012-41B1-BB2A-ED20A93CA81F}.Release|Win32.ActiveCfg = Release to Manufacturing (signed)
		{E4DF865D-1012-41B1-BB2A-ED20A93CA81F}.Release|Win32.Build.0 = Release to Manufacturing (signed)
		{7F602C97-B32D-44F1-ACA2-50ABC659F611}.Debug|Any CPU.ActiveCfg = Debug
		{7F602C97-B32D-44F1-ACA2-50ABC659F611}.Debug|Any CPU.Build.0 = Debug
		{7F602C97-B32D-44F1-ACA2-50ABC659F611}.Debug|Mixed Platforms.ActiveCfg = Debug
		{7F602C97-B32D-44F1-ACA2-50ABC659F611}.Debug|Mixed Platforms.Build.0 = Debug
		{7F602C97-B32D-44F1-ACA2-50ABC659F611}.Debug|Win32.ActiveCfg = Debug
		{7F602C97-B32D-44F1-ACA2-50ABC659F611}.Debug|Win32.Build.0 = Debug
		{7F602C97-B32D-44F1-ACA2-50ABC659F611}.Release to Manufacturing (signed)|Any CPU.ActiveCfg = Release to Manufacturing (signed)
		{7F602C97-B32D-44F1-ACA2-50ABC659F611}.Release to Manufacturing (signed)|Any CPU.Build.0 = Release to Manufacturing (signed)
		{7F602C97-B32D-44F1-ACA2-50ABC659F611}.Release to Manufacturing (signed)|Mixed Platforms.ActiveCfg = Release to Manufacturing (signed)
		{7F602C97-B32D-44F1-ACA2-50ABC659F611}.Release to Manufacturing (signed)|Mixed Platforms.Build.0 = Release to Manufacturing (signed)
		{7F602C97-B32D-44F1-ACA2-50ABC659F611}.Release to Manufacturing (signed)|Win32.ActiveCfg = Release to Manufacturing (signed)
		{7F602C97-B32D-44F1-ACA2-50ABC659F611}.Release to Manufacturing (signed)|Win32.Build.0 = Release to Manufacturing (signed)
		{7F602C97-B32D-44F1-ACA2-50ABC659F611}.Release|Any CPU.ActiveCfg = Release to Manufacturing (signed)
		{7F602C97-B32D-44F1-ACA2-50ABC659F611}.Release|Any CPU.Build.0 = Release to Manufacturing (signed)
		{7F602C97-B32D-44F1-ACA2-50ABC659F611}.Release|Mixed Platforms.ActiveCfg = Release to Manufacturing (signed)
		{7F602C97-B32D-44F1-ACA2-50ABC659F611}.Release|Mixed Platforms.Build.0 = Release to Manufacturing (signed)
		{7F602C97-B32D-44F1-ACA2-50ABC659F611}.Release|Win32.ActiveCfg = Release to Manufacturing (signed)
		{7F602C97-B32D-44F1-ACA2-50ABC659F611}.Release|Win32.Build.0 = Release to Manufacturing (signed)
		{E285D4D8-D7D4-4C9B-AD19-C71209C3B972}.Debug|Any CPU.ActiveCfg = Debug
		{E285D4D8-D7D4-4C9B-AD19-C71209C3B972}.Debug|Any CPU.Build.0 = Debug
		{E285D4D8-D7D4-4C9B-AD19-C71209C3B972}.Debug|Mixed Platforms.ActiveCfg = Debug
		{E285D4D8-D7D4-4C9B-AD19-C71209C3B972}.Debug|Mixed Platforms.Build.0 = Debug
		{E285D4D8-D7D4-4C9B-AD19-C71209C3B972}.Debug|Win32.ActiveCfg = Debug
		{E285D4D8-D7D4-4C9B-AD19-C71209C3B972}.Debug|Win32.Build.0 = Debug
		{E285D4D8-D7D4-4C9B-AD19-C71209C3B972}.Release to Manufacturing (signed)|Any CPU.ActiveCfg = Release to Manufacturing (signed)
		{E285D4D8-D7D4-4C9B-AD19-C71209C3B972}.Release to Manufacturing (signed)|Any CPU.Build.0 = Release to Manufacturing (signed)
		{E285D4D8-D7D4-4C9B-AD19-C71209C3B972}.Release to Manufacturing (signed)|Mixed Platforms.ActiveCfg = Release to Manufacturing (signed)
		{E285D4D8-D7D4-4C9B-AD19-C71209C3B972}.Release to Manufacturing (signed)|Mixed Platforms.Build.0 = Release to Manufacturing (signed)
		{E285D4D8-D7D4-4C9B-AD19-C71209C3B972}.Release to Manufacturing (signed)|Win32.ActiveCfg = Release to Manufacturing (signed)
		{E285D4D8-D7D4-4C9B-AD19-C71209C3B972}.Release to Manufacturing (signed)|Win32.Build.0 = Release to Manufacturing (signed)
		{E285D4D8-D7D4-4C9B-AD19-C71209C3B972}.Release|Any CPU.ActiveCfg = Release to Manufacturing (signed)
		{E285D4D8-D7D4-4C9B-AD19-C71209C3B972}.Release|Any CPU.Build.0 = Release to Manufacturing (signed)
		{E285D4D8-D7D4-4C9B-AD19-C71209C3B972}.Release|Mixed Platforms.ActiveCfg = Release to Manufacturing (signed)
		{E285D4D8-D7D4-4C9B-AD19-C71209C3B972}.Release|Mixed Platforms.Build.0 = Release to Manufacturing (signed)
		{E285D4D8-D7D4-4C9B-AD19-C71209C3B972}.Release|Win32.ActiveCfg = Release to Manufacturing (signed)
		{E285D4D8-D7D4-4C9B-AD19-C71209C3B972}.Release|Win32.Build.0 = Release to Manufacturing (signed)
		{70F3F1F0-D3BE-4766-84BA-B4B7AF7864D3}.Debug|Any CPU.ActiveCfg = Debug
		{70F3F1F0-D3BE-4766-84BA-B4B7AF7864D3}.Debug|Any CPU.Build.0 = Debug
		{70F3F1F0-D3BE-4766-84BA-B4B7AF7864D3}.Debug|Mixed Platforms.ActiveCfg = Debug
		{70F3F1F0-D3BE-4766-84BA-B4B7AF7864D3}.Debug|Mixed Platforms.Build.0 = Debug
		{70F3F1F0-D3BE-4766-84BA-B4B7AF7864D3}.Debug|Win32.ActiveCfg = Debug
		{70F3F1F0-D3BE-4766-84BA-B4B7AF7864D3}.Debug|Win32.Build.0 = Debug
		{70F3F1F0-D3BE-4766-84BA-B4B7AF7864D3}.Release to Manufacturing (signed)|Any CPU.ActiveCfg = Release to Manufacturing (signed)
		{70F3F1F0-D3BE-4766-84BA-B4B7AF7864D3}.Release to Manufacturing (signed)|Any CPU.Build.0 = Release to Manufacturing (signed)
		{70F3F1F0-D3BE-4766-84BA-B4B7AF7864D3}.Release to Manufacturing (signed)|Mixed Platforms.ActiveCfg = Release to Manufacturing (signed)
		{70F3F1F0-D3BE-4766-84BA-B4B7AF7864D3}.Release to Manufacturing (signed)|Mixed Platforms.Build.0 = Release to Manufacturing (signed)
		{70F3F1F0-D3BE-4766-84BA-B4B7AF7864D3}.Release to Manufacturing (signed)|Win32.ActiveCfg = Release to Manufacturing (signed)
		{70F3F1F0-D3BE-4766-84BA-B4B7AF7864D3}.Release to Manufacturing (signed)|Win32.Build.0 = Release to Manufacturing (signed)
		{70F3F1F0-D3BE-4766-84BA-B4B7AF7864D3}.Release|Any CPU.ActiveCfg = Release to Manufacturing (signed)
		{70F3F1F0-D3BE-4766-84BA-B4B7AF7864D3}.Release|Any CPU.Build.0 = Release to Manufacturing (signed)
		{70F3F1F0-D3BE-4766-84BA-B4B7AF7864D3}.Release|Mixed Platforms.ActiveCfg = Release to Manufacturing (signed)
		{70F3F1F0-D3BE-4766-84BA-B4B7AF7864D3}.Release|Mixed Platforms.Build.0 = Release to Manufacturing (signed)
		{70F3F1F0-D3BE-4766-84BA-B4B7AF7864D3}.Release|Win32.ActiveCfg = Release to Manufacturing (signed)
		{70F3F1F0-D3BE-4766-84BA-B4B7AF7864D3}.Release|Win32.Build.0 = Release to Manufacturing (signed)
		{2EE5D721-DDEE-4AEA-87E3-D5B12FD6DF0E}.Debug|Any CPU.ActiveCfg = Debug
		{2EE5D721-DDEE-4AEA-87E3-D5B12FD6DF0E}.Debug|Any CPU.Build.0 = Debug
		{2EE5D721-DDEE-4AEA-87E3-D5B12FD6DF0E}.Debug|Mixed Platforms.ActiveCfg = Debug
		{2EE5D721-DDEE-4AEA-87E3-D5B12FD6DF0E}.Debug|Mixed Platforms.Build.0 = Debug
		{2EE5D721-DDEE-4AEA-87E3-D5B12FD6DF0E}.Debug|Win32.ActiveCfg = Debug
		{2EE5D721-DDEE-4AEA-87E3-D5B12FD6DF0E}.Debug|Win32.Build.0 = Debug
		{2EE5D721-DDEE-4AEA-87E3-D5B12FD6DF0E}.Release to Manufacturing (signed)|Any CPU.ActiveCfg = Release to Manufacturing (signed)
		{2EE5D721-DDEE-4AEA-87E3-D5B12FD6DF0E}.Release to Manufacturing (signed)|Any CPU.Build.0 = Release to Manufacturing (signed)
		{2EE5D721-DDEE-4AEA-87E3-D5B12FD6DF0E}.Release to Manufacturing (signed)|Mixed Platforms.ActiveCfg = Release to Manufacturing (signed)
		{2EE5D721-DDEE-4AEA-87E3-D5B12FD6DF0E}.Release to Manufacturing (signed)|Mixed Platforms.Build.0 = Release to Manufacturing (signed)
		{2EE5D721-DDEE-4AEA-87E3-D5B12FD6DF0E}.Release to Manufacturing (signed)|Win32.ActiveCfg = Release to Manufacturing (signed)
		{2EE5D721-DDEE-4AEA-87E3-D5B12FD6DF0E}.Release to Manufacturing (signed)|Win32.Build.0 = Release to Manufacturing (signed)
		{2EE5D721-DDEE-4AEA-87E3-D5B12FD6DF0E}.Release|Any CPU.ActiveCfg = Release to Manufacturing (signed)
		{2EE5D721-DDEE-4AEA-87E3-D5B12FD6DF0E}.Release|Any CPU.Build.0 = Release to Manufacturing (signed)
		{2EE5D721-DDEE-4AEA-87E3-D5B12FD6DF0E}.Release|Mixed Platforms.ActiveCfg = Release to Manufacturing (signed)
		{2EE5D721-DDEE-4AEA-87E3-D5B12FD6DF0E}.Release|Mixed Platforms.Build.0 = Release to Manufacturing (signed)
		{2EE5D721-DDEE-4AEA-87E3-D5B12FD6DF0E}.Release|Win32.ActiveCfg = Release to Manufacturing (signed)
		{2EE5D721-DDEE-4AEA-87E3-D5B12FD6DF0E}.Release|Win32.Build.0 = Release to Manufacturing (signed)
		{0466433B-BFD1-4E75-8074-167B0397DF96}.Debug|Any CPU.ActiveCfg = Debug
		{0466433B-BFD1-4E75-8074-167B0397DF96}.Debug|Any CPU.Build.0 = Debug
		{0466433B-BFD1-4E75-8074-167B0397DF96}.Debug|Mixed Platforms.ActiveCfg = Debug
		{0466433B-BFD1-4E75-8074-167B0397DF96}.Debug|Mixed Platforms.Build.0 = Debug
		{0466433B-BFD1-4E75-8074-167B0397DF96}.Debug|Win32.ActiveCfg = Debug
		{0466433B-BFD1-4E75-8074-167B0397DF96}.Debug|Win32.Build.0 = Debug
		{0466433B-BFD1-4E75-8074-167B0397DF96}.Release to Manufacturing (signed)|Any CPU.ActiveCfg = Release to Manufacturing (signed)
		{0466433B-BFD1-4E75-8074-167B0397DF96}.Release to Manufacturing (signed)|Any CPU.Build.0 = Release to Manufacturing (signed)
		{0466433B-BFD1-4E75-8074-167B0397DF96}.Release to Manufacturing (signed)|Mixed Platforms.ActiveCfg = Release to Manufacturing (signed)
		{0466433B-BFD1-4E75-8074-167B0397DF96}.Release to Manufacturing (signed)|Mixed Platforms.Build.0 = Release to Manufacturing (signed)
		{0466433B-BFD1-4E75-8074-167B0397DF96}.Release to Manufacturing (signed)|Win32.ActiveCfg = Release to Manufacturing (signed)
		{0466433B-BFD1-4E75-8074-167B0397DF96}.Release to Manufacturing (signed)|Win32.Build.0 = Release to Manufacturing (signed)
		{0466433B-BFD1-4E75-8074-167B0397DF96}.Release|Any CPU.ActiveCfg = Release to Manufacturing (signed)
		{0466433B-BFD1-4E75-8074-167B0397DF96}.Release|Any CPU.Build.0 = Release to Manufacturing (signed)
		{0466433B-BFD1-4E75-8074-167B0397DF96}.Release|Mixed Platforms.ActiveCfg = Release to Manufacturing (signed)
		{0466433B-BFD1-4E75-8074-167B0397DF96}.Release|Mixed Platforms.Build.0 = Release to Manufacturing (signed)
		{0466433B-BFD1-4E75-8074-167B0397DF96}.Release|Win32.ActiveCfg = Release to Manufacturing (signed)
		{0466433B-BFD1-4E75-8074-167B0397DF96}.Release|Win32.Build.0 = Release to Manufacturing (signed)
		{78AEF59F-EA4E-4F07-B559-4511C7A742A2}.Debug|Any CPU.ActiveCfg = Debug
		{78AEF59F-EA4E-4F07-B559-4511C7A742A2}.Debug|Any CPU.Build.0 = Debug
		{78AEF59F-EA4E-4F07-B559-4511C7A742A2}.Debug|Mixed Platforms.ActiveCfg = Debug
		{78AEF59F-EA4E-4F07-B559-4511C7A742A2}.Debug|Mixed Platforms.Build.0 = Debug
		{78AEF59F-EA4E-4F07-B559-4511C7A742A2}.Debug|Win32.ActiveCfg = Debug
		{78AEF59F-EA4E-4F07-B559-4511C7A742A2}.Debug|Win32.Build.0 = Debug
		{78AEF59F-EA4E-4F07-B559-4511C7A742A2}.Release to Manufacturing (signed)|Any CPU.ActiveCfg = Release to Manufacturing (signed)
		{78AEF59F-EA4E-4F07-B559-4511C7A742A2}.Release to Manufacturing (signed)|Any CPU.Build.0 = Release to Manufacturing (signed)
		{78AEF59F-EA4E-4F07-B559-4511C7A742A2}.Release to Manufacturing (signed)|Mixed Platforms.ActiveCfg = Release to Manufacturing (signed)
		{78AEF59F-EA4E-4F07-B559-4511C7A742A2}.Release to Manufacturing (signed)|Mixed Platforms.Build.0 = Release to Manufacturing (signed)
		{78AEF59F-EA4E-4F07-B559-4511C7A742A2}.Release to Manufacturing (signed)|Win32.ActiveCfg = Release to Manufacturing (signed)
		{78AEF59F-EA4E-4F07-B559-4511C7A742A2}.Release to Manufacturing (signed)|Win32.Build.0 = Release to Manufacturing (signed)
		{78AEF59F-EA4E-4F07-B559-4511C7A742A2}.Release|Any CPU.ActiveCfg = Release to Manufacturing (signed)
		{78AEF59F-EA4E-4F07-B559-4511C7A742A2}.Release|Any CPU.Build.0 = Release to Manufacturing (signed)
		{78AEF59F-EA4E-4F07-B559-4511C7A742A2}.Release|Mixed Platforms.ActiveCfg = Release to Manufacturing (signed)
		{78AEF59F-EA4E-4F07-B559-4511C7A742A2}.Release|Mixed Platforms.Build.0 = Release to Manufacturing (signed)
		{78AEF59F-EA4E-4F07-B559-4511C7A742A2}.Release|Win32.ActiveCfg = Release to Manufacturing (signed)
		{78AEF59F-EA4E-4F07-B559-4511C7A742A2}.Release|Win32.Build.0 = Release to Manufacturing (signed)
		{ED7D7117-8E82-403B-B8B7-6482F69912F2}.Debug|Any CPU.ActiveCfg = Debug
		{ED7D7117-8E82-403B-B8B7-6482F69912F2}.Debug|Any CPU.Build.0 = Debug
		{ED7D7117-8E82-403B-B8B7-6482F69912F2}.Debug|Mixed Platforms.ActiveCfg = Debug
		{ED7D7117-8E82-403B-B8B7-6482F69912F2}.Debug|Mixed Platforms.Build.0 = Debug
		{ED7D7117-8E82-403B-B8B7-6482F69912F2}.Debug|Win32.ActiveCfg = Debug
		{ED7D7117-8E82-403B-B8B7-6482F69912F2}.Debug|Win32.Build.0 = Debug
		{ED7D7117-8E82-403B-B8B7-6482F69912F2}.Release to Manufacturing (signed)|Any CPU.ActiveCfg = Release to Manufacturing (signed)
		{ED7D7117-8E82-403B-B8B7-6482F69912F2}.Release to Manufacturing (signed)|Any CPU.Build.0 = Release to Manufacturing (signed)
		{ED7D7117-8E82-403B-B8B7-6482F69912F2}.Release to Manufacturing (signed)|Mixed Platforms.ActiveCfg = Release to Manufacturing (signed)
		{ED7D7117-8E82-403B-B8B7-6482F69912F2}.Release to Manufacturing (signed)|Mixed Platforms.Build.0 = Release to Manufacturing (signed)
		{ED7D7117-8E82-403B-B8B7-6482F69912F2}.Release to Manufacturing (signed)|Win32.ActiveCfg = Release to Manufacturing (signed)
		{ED7D7117-8E82-403B-B8B7-6482F69912F2}.Release to Manufacturing (signed)|Win32.Build.0 = Release to Manufacturing (signed)
		{ED7D7117-8E82-403B-B8B7-6482F69912F2}.Release|Any CPU.ActiveCfg = Release to Manufacturing (signed)
		{ED7D7117-8E82-403B-B8B7-6482F69912F2}.Release|Any CPU.Build.0 = Release to Manufacturing (signed)
		{ED7D7117-8E82-403B-B8B7-6482F69912F2}.Release|Mixed Platforms.ActiveCfg = Release to Manufacturing (signed)
		{ED7D7117-8E82-403B-B8B7-6482F69912F2}.Release|Mixed Platforms.Build.0 = Release to Manufacturing (signed)
		{ED7D7117-8E82-403B-B8B7-6482F69912F2}.Release|Win32.ActiveCfg = Release to Manufacturing (signed)
		{ED7D7117-8E82-403B-B8B7-6482F69912F2}.Release|Win32.Build.0 = Release to Manufacturing (signed)
		{D10B9115-86D6-40D0-B57A-933E75763EA2}.Debug|Any CPU.ActiveCfg = Debug
		{D10B9115-86D6-40D0-B57A-933E75763EA2}.Debug|Any CPU.Build.0 = Debug
		{D10B9115-86D6-40D0-B57A-933E75763EA2}.Debug|Mixed Platforms.ActiveCfg = Debug
		{D10B9115-86D6-40D0-B57A-933E75763EA2}.Debug|Mixed Platforms.Build.0 = Debug
		{D10B9115-86D6-40D0-B57A-933E75763EA2}.Debug|Win32.ActiveCfg = Debug
		{D10B9115-86D6-40D0-B57A-933E75763EA2}.Debug|Win32.Build.0 = Debug
		{D10B9115-86D6-40D0-B57A-933E75763EA2}.Release to Manufacturing (signed)|Any CPU.ActiveCfg = Release to Manufacturing (signed)
		{D10B9115-86D6-40D0-B57A-933E75763EA2}.Release to Manufacturing (signed)|Any CPU.Build.0 = Release to Manufacturing (signed)
		{D10B9115-86D6-40D0-B57A-933E75763EA2}.Release to Manufacturing (signed)|Mixed Platforms.ActiveCfg = Release to Manufacturing (signed)
		{D10B9115-86D6-40D0-B57A-933E75763EA2}.Release to Manufacturing (signed)|Mixed Platforms.Build.0 = Release to Manufacturing (signed)
		{D10B9115-86D6-40D0-B57A-933E75763EA2}.Release to Manufacturing (signed)|Win32.ActiveCfg = Release to Manufacturing (signed)
		{D10B9115-86D6-40D0-B57A-933E75763EA2}.Release to Manufacturing (signed)|Win32.Build.0 = Release to Manufacturing (signed)
		{D10B9115-86D6-40D0-B57A-933E75763EA2}.Release|Any CPU.ActiveCfg = Release to Manufacturing (signed)
		{D10B9115-86D6-40D0-B57A-933E75763EA2}.Release|Any CPU.Build.0 = Release to Manufacturing (signed)
		{D10B9115-86D6-40D0-B57A-933E75763EA2}.Release|Mixed Platforms.ActiveCfg = Release to Manufacturing (signed)
		{D10B9115-86D6-40D0-B57A-933E75763EA2}.Release|Mixed Platforms.Build.0 = Release to Manufacturing (signed)
		{D10B9115-86D6-40D0-B57A-933E75763EA2}.Release|Win32.ActiveCfg = Release to Manufacturing (signed)
		{D10B9115-86D6-40D0-B57A-933E75763EA2}.Release|Win32.Build.0 = Release to Manufacturing (signed)
	EndGlobalSection
	GlobalSection(SolutionProperties) = preSolution
		HideSolutionNode = FALSE
	EndGlobalSection
	GlobalSection(NestedProjects) = preSolution
		{8CB777EB-36ED-45D8-84FF-BDD64AD5026E} = {8BC2F418-26E0-454F-94D1-D32EB2212FCB}
		{E51CB999-A720-4165-9DF2-A3E49547A40B} = {8BC2F418-26E0-454F-94D1-D32EB2212FCB}
		{599773FF-1E86-4AC2-8B24-34BBAC707370} = {8BC2F418-26E0-454F-94D1-D32EB2212FCB}
		{2FFDBC2D-0F7E-485E-9548-47CDBD7FE3C6} = {19F7D0D1-4317-4F6F-8297-60984AD99BFE}
		{289C4B72-B929-4E3D-808F-F622E275AC70} = {19F7D0D1-4317-4F6F-8297-60984AD99BFE}
		{05D4C0EB-A6B0-4551-AFB0-EAD538D2C3A4} = {D0B15A59-98A0-4839-B321-A48E69101DF7}
		{F9071930-348E-4A30-A0F6-A1A3DF3A587B} = {D0B15A59-98A0-4839-B321-A48E69101DF7}
		{0926B47F-86B3-4AAB-9F1C-A558A58E939B} = {D0B15A59-98A0-4839-B321-A48E69101DF7}
		{2329EA27-8A83-4AFB-89CE-CBE1E72F4A10} = {D0B15A59-98A0-4839-B321-A48E69101DF7}
		{D6E88E6E-B1B4-46B0-BC93-DDD4785865DF} = {8BCA40CA-460E-42AE-A44D-0642957B3749}
		{D3E4B38D-18B2-476A-A614-D3560176E3AF} = {8BCA40CA-460E-42AE-A44D-0642957B3749}
		{686B68A3-A89A-458F-8281-E5F00068C0AB} = {8BCA40CA-460E-42AE-A44D-0642957B3749}
		{FED3CFB2-ED96-4027-86DE-F490CD65CD3D} = {8BCA40CA-460E-42AE-A44D-0642957B3749}
		{E7055581-7C0C-429F-8134-99D3413C5756} = {921169EE-9A48-4083-9CAB-B7947DBB4AD1}
		{751AFC6B-AFDB-4D9B-ACBC-A07E3A62474B} = {921169EE-9A48-4083-9CAB-B7947DBB4AD1}
		{294AC077-14E0-4630-B689-B440F3887550} = {921169EE-9A48-4083-9CAB-B7947DBB4AD1}
		{6293D7DA-2382-43D2-892C-48C3D45ADF71} = {921169EE-9A48-4083-9CAB-B7947DBB4AD1}
		{780B03C7-B819-4E62-AD38-E62EB71EA051} = {05D4C0EB-A6B0-4551-AFB0-EAD538D2C3A4}
		{E295B7D0-C466-4121-9F32-DAD06067D7B4} = {05D4C0EB-A6B0-4551-AFB0-EAD538D2C3A4}
		{0A04F05F-EB4D-433C-B81B-51C784C14D31} = {05D4C0EB-A6B0-4551-AFB0-EAD538D2C3A4}
		{D06B7BC0-638A-4043-8941-76BA12B4E813} = {05D4C0EB-A6B0-4551-AFB0-EAD538D2C3A4}
		{C9577E7C-5012-4886-9210-7F81DAFCC177} = {05D4C0EB-A6B0-4551-AFB0-EAD538D2C3A4}
		{8E9DFA0D-5D87-4244-9A73-D5200D14F0D9} = {05D4C0EB-A6B0-4551-AFB0-EAD538D2C3A4}
		{FE137308-33BD-4113-9951-E6DCF1023F34} = {05D4C0EB-A6B0-4551-AFB0-EAD538D2C3A4}
		{E285D4D8-D7D4-4C9B-AD19-C71209C3B972} = {D3E4B38D-18B2-476A-A614-D3560176E3AF}
		{70F3F1F0-D3BE-4766-84BA-B4B7AF7864D3} = {D3E4B38D-18B2-476A-A614-D3560176E3AF}
		{2EE5D721-DDEE-4AEA-87E3-D5B12FD6DF0E} = {D3E4B38D-18B2-476A-A614-D3560176E3AF}
		{0466433B-BFD1-4E75-8074-167B0397DF96} = {D3E4B38D-18B2-476A-A614-D3560176E3AF}
		{78AEF59F-EA4E-4F07-B559-4511C7A742A2} = {D3E4B38D-18B2-476A-A614-D3560176E3AF}
		{ED7D7117-8E82-403B-B8B7-6482F69912F2} = {D3E4B38D-18B2-476A-A614-D3560176E3AF}
		{D10B9115-86D6-40D0-B57A-933E75763EA2} = {D3E4B38D-18B2-476A-A614-D3560176E3AF}
		{8749ADFC-2CD9-4928-8514-79FDBF668D0F} = {751AFC6B-AFDB-4D9B-ACBC-A07E3A62474B}
		{CAE1BF68-DC61-4C40-979A-4BF5C32BF887} = {751AFC6B-AFDB-4D9B-ACBC-A07E3A62474B}
		{A22A5BE9-0F2A-449A-8E17-C04AAA17A2F9} = {751AFC6B-AFDB-4D9B-ACBC-A07E3A62474B}
		{24AE33BD-A643-4C40-989A-D6552D684396} = {751AFC6B-AFDB-4D9B-ACBC-A07E3A62474B}
		{7EBA039B-D49F-433D-BA4F-930E9938C1ED} = {751AFC6B-AFDB-4D9B-ACBC-A07E3A62474B}
		{E4DF865D-1012-41B1-BB2A-ED20A93CA81F} = {751AFC6B-AFDB-4D9B-ACBC-A07E3A62474B}
		{7F602C97-B32D-44F1-ACA2-50ABC659F611} = {751AFC6B-AFDB-4D9B-ACBC-A07E3A62474B}
	EndGlobalSection
EndGlobal
