
Microsoft Visual Studio Solution File, Format Version 9.00
# Visual Studio 2005
Project("{2150E333-8FDC-42A3-9474-1A3956D46DE8}") = "Common", "Common", "{8BC2F418-26E0-454F-94D1-D32EB2212FCB}"
EndProject
Project("{2150E333-8FDC-42A3-9474-1A3956D46DE8}") = "Shell", "Shell", "{19F7D0D1-4317-4F6F-8297-60984AD99BFE}"
EndProject
Project("{2150E333-8FDC-42A3-9474-1A3956D46DE8}") = "Word", "Word", "{D0B15A59-98A0-4839-B321-A48E69101DF7}"
EndProject
Project("{2150E333-8FDC-42A3-9474-1A3956D46DE8}") = "Presentation", "Presentation", "{8BCA40CA-460E-42AE-A44D-0642957B3749}"
EndProject
Project("{2150E333-8FDC-42A3-9474-1A3956D46DE8}") = "Spreadsheet", "Spreadsheet", "{921169EE-9A48-4083-9CAB-B7947DBB4AD1}"
EndProject
Project("{FAE04EC0-301F-11D3-BF4B-00C04F79EFBC}") = "OdfConverterLib", "Common\OdfConverterLib\OdfConverterLib.csproj", "{8CB777EB-36ED-45D8-84FF-BDD64AD5026E}"
EndProject
Project("{FAE04EC0-301F-11D3-BF4B-00C04F79EFBC}") = "OdfZipUtils", "Common\OdfZipUtils\OdfZipUtils.csproj", "{E51CB999-A720-4165-9DF2-A3E49547A40B}"
EndProject
Project("{2150E333-8FDC-42A3-9474-1A3956D46DE8}") = "Setup", "Setup", "{05D4C0EB-A6B0-4551-AFB0-EAD538D2C3A4}"
EndProject
Project("{FAE04EC0-301F-11D3-BF4B-00C04F79EFBC}") = "OdfConverterLauncher", "Shell\OdfConverterLauncher\OdfConverterLauncher.csproj", "{2FFDBC2D-0F7E-485E-9548-47CDBD7FE3C6}"
EndProject
Project("{FAE04EC0-301F-11D3-BF4B-00C04F79EFBC}") = "CommandLineTool", "Shell\OdfConverterTest\CommandLineTool.csproj", "{289C4B72-B929-4E3D-808F-F622E275AC70}"
EndProject
Project("{FAE04EC0-301F-11D3-BF4B-00C04F79EFBC}") = "OdfWord2003Addin", "Word\OdfWord2003Addin\OdfWord2003Addin.csproj", "{82DF891A-E0DE-42CB-9941-AF0DFBCDCCDF}"
EndProject
Project("{FAE04EC0-301F-11D3-BF4B-00C04F79EFBC}") = "OdfWord2007AddIn", "Word\OdfWord2007AddIn\OdfWord2007AddIn.csproj", "{CBCC62ED-16A9-4FB0-9B68-EF715763E5D0}"
EndProject
Project("{FAE04EC0-301F-11D3-BF4B-00C04F79EFBC}") = "OdfWordAddinLib", "Word\OdfWordAddinLib\OdfWordAddinLib.csproj", "{0313EE78-AD27-47E0-9902-3149046E2F5D}"
EndProject
Project("{FAE04EC0-301F-11D3-BF4B-00C04F79EFBC}") = "OdfWordXPAddin", "Word\OdfWordXPAddin\OdfWordXPAddin.csproj", "{EADC5454-8DF0-4B0F-B20F-5C36136C054C}"
EndProject
Project("{54435603-DBB4-11D2-8724-00A0C9A8B90C}") = "OdfAddInForWordSetup", "Word\Setup\OdfAddInForWordSetup\OdfAddInForWordSetup.vdproj", "{780B03C7-B819-4E62-AD38-E62EB71EA051}"
EndProject
Project("{54435603-DBB4-11D2-8724-00A0C9A8B90C}") = "OdfAddInForWordSetup-de", "Word\Setup\OdfAddInForWordSetup-de\OdfAddInForWordSetup-de.vdproj", "{E295B7D0-C466-4121-9F32-DAD06067D7B4}"
EndProject
Project("{54435603-DBB4-11D2-8724-00A0C9A8B90C}") = "OdfAddInForWordSetup-fr", "Word\Setup\OdfAddInForWordSetup-fr\OdfAddInForWordSetup-fr.vdproj", "{0A04F05F-EB4D-433C-B81B-51C784C14D31}"
EndProject
Project("{54435603-DBB4-11D2-8724-00A0C9A8B90C}") = "OdfAddInForWordSetup-nl", "Word\Setup\OdfAddInForWordSetup-nl\OdfAddInForWordSetup-nl.vdproj", "{D06B7BC0-638A-4043-8941-76BA12B4E813}"
EndProject
Project("{54435603-DBB4-11D2-8724-00A0C9A8B90C}") = "OdfAddInForWordSetup-pl", "Word\Setup\OdfAddInForWordSetup-pl\OdfAddInForWordSetup-pl.vdproj", "{C9577E7C-5012-4886-9210-7F81DAFCC177}"
EndProject
Project("{FAE04EC0-301F-11D3-BF4B-00C04F79EFBC}") = "WordProcessing", "Word\WordProcessing\WordProcessing.csproj", "{F9071930-348E-4A30-A0F6-A1A3DF3A587B}"
EndProject
Project("{FAE04EC0-301F-11D3-BF4B-00C04F79EFBC}") = "Converter", "Presentation\Converter\Converter.csproj", "{D6E88E6E-B1B4-46B0-BC93-DDD4785865DF}"
EndProject
Global
	GlobalSection(SolutionConfigurationPlatforms) = preSolution
		Debug|Any CPU = Debug|Any CPU
		Release|Any CPU = Release|Any CPU
	EndGlobalSection
	GlobalSection(ProjectConfigurationPlatforms) = postSolution
		{8CB777EB-36ED-45D8-84FF-BDD64AD5026E}.Debug|Any CPU.ActiveCfg = Debug|Any CPU
		{8CB777EB-36ED-45D8-84FF-BDD64AD5026E}.Debug|Any CPU.Build.0 = Debug|Any CPU
		{8CB777EB-36ED-45D8-84FF-BDD64AD5026E}.Release|Any CPU.ActiveCfg = Release|Any CPU
		{8CB777EB-36ED-45D8-84FF-BDD64AD5026E}.Release|Any CPU.Build.0 = Release|Any CPU
		{E51CB999-A720-4165-9DF2-A3E49547A40B}.Debug|Any CPU.ActiveCfg = Debug|Any CPU
		{E51CB999-A720-4165-9DF2-A3E49547A40B}.Debug|Any CPU.Build.0 = Debug|Any CPU
		{E51CB999-A720-4165-9DF2-A3E49547A40B}.Release|Any CPU.ActiveCfg = Release|Any CPU
		{E51CB999-A720-4165-9DF2-A3E49547A40B}.Release|Any CPU.Build.0 = Release|Any CPU
		{2FFDBC2D-0F7E-485E-9548-47CDBD7FE3C6}.Debug|Any CPU.ActiveCfg = Debug|Any CPU
		{2FFDBC2D-0F7E-485E-9548-47CDBD7FE3C6}.Debug|Any CPU.Build.0 = Debug|Any CPU
		{2FFDBC2D-0F7E-485E-9548-47CDBD7FE3C6}.Release|Any CPU.ActiveCfg = Release|Any CPU
		{2FFDBC2D-0F7E-485E-9548-47CDBD7FE3C6}.Release|Any CPU.Build.0 = Release|Any CPU
		{289C4B72-B929-4E3D-808F-F622E275AC70}.Debug|Any CPU.ActiveCfg = Debug|Any CPU
		{289C4B72-B929-4E3D-808F-F622E275AC70}.Debug|Any CPU.Build.0 = Debug|Any CPU
		{289C4B72-B929-4E3D-808F-F622E275AC70}.Release|Any CPU.ActiveCfg = Release|Any CPU
		{289C4B72-B929-4E3D-808F-F622E275AC70}.Release|Any CPU.Build.0 = Release|Any CPU
		{82DF891A-E0DE-42CB-9941-AF0DFBCDCCDF}.Debug|Any CPU.ActiveCfg = Debug|Any CPU
		{82DF891A-E0DE-42CB-9941-AF0DFBCDCCDF}.Debug|Any CPU.Build.0 = Debug|Any CPU
		{82DF891A-E0DE-42CB-9941-AF0DFBCDCCDF}.Release|Any CPU.ActiveCfg = Release|Any CPU
		{82DF891A-E0DE-42CB-9941-AF0DFBCDCCDF}.Release|Any CPU.Build.0 = Release|Any CPU
		{CBCC62ED-16A9-4FB0-9B68-EF715763E5D0}.Debug|Any CPU.ActiveCfg = Debug|Any CPU
		{CBCC62ED-16A9-4FB0-9B68-EF715763E5D0}.Debug|Any CPU.Build.0 = Debug|Any CPU
		{CBCC62ED-16A9-4FB0-9B68-EF715763E5D0}.Release|Any CPU.ActiveCfg = Release|Any CPU
		{CBCC62ED-16A9-4FB0-9B68-EF715763E5D0}.Release|Any CPU.Build.0 = Release|Any CPU
		{0313EE78-AD27-47E0-9902-3149046E2F5D}.Debug|Any CPU.ActiveCfg = Debug|Any CPU
		{0313EE78-AD27-47E0-9902-3149046E2F5D}.Debug|Any CPU.Build.0 = Debug|Any CPU
		{0313EE78-AD27-47E0-9902-3149046E2F5D}.Release|Any CPU.ActiveCfg = Release|Any CPU
		{0313EE78-AD27-47E0-9902-3149046E2F5D}.Release|Any CPU.Build.0 = Release|Any CPU
		{EADC5454-8DF0-4B0F-B20F-5C36136C054C}.Debug|Any CPU.ActiveCfg = Debug|Any CPU
		{EADC5454-8DF0-4B0F-B20F-5C36136C054C}.Debug|Any CPU.Build.0 = Debug|Any CPU
		{EADC5454-8DF0-4B0F-B20F-5C36136C054C}.Release|Any CPU.ActiveCfg = Release|Any CPU
		{EADC5454-8DF0-4B0F-B20F-5C36136C054C}.Release|Any CPU.Build.0 = Release|Any CPU
		{780B03C7-B819-4E62-AD38-E62EB71EA051}.Debug|Any CPU.ActiveCfg = Debug
		{780B03C7-B819-4E62-AD38-E62EB71EA051}.Debug|Any CPU.Build.0 = Debug
		{780B03C7-B819-4E62-AD38-E62EB71EA051}.Release|Any CPU.ActiveCfg = Release
		{780B03C7-B819-4E62-AD38-E62EB71EA051}.Release|Any CPU.Build.0 = Release
		{E295B7D0-C466-4121-9F32-DAD06067D7B4}.Debug|Any CPU.ActiveCfg = Debug
		{E295B7D0-C466-4121-9F32-DAD06067D7B4}.Debug|Any CPU.Build.0 = Debug
		{E295B7D0-C466-4121-9F32-DAD06067D7B4}.Release|Any CPU.ActiveCfg = Release
		{E295B7D0-C466-4121-9F32-DAD06067D7B4}.Release|Any CPU.Build.0 = Release
		{0A04F05F-EB4D-433C-B81B-51C784C14D31}.Debug|Any CPU.ActiveCfg = Debug
		{0A04F05F-EB4D-433C-B81B-51C784C14D31}.Debug|Any CPU.Build.0 = Debug
		{0A04F05F-EB4D-433C-B81B-51C784C14D31}.Release|Any CPU.ActiveCfg = Release
		{0A04F05F-EB4D-433C-B81B-51C784C14D31}.Release|Any CPU.Build.0 = Release
		{D06B7BC0-638A-4043-8941-76BA12B4E813}.Debug|Any CPU.ActiveCfg = Debug
		{D06B7BC0-638A-4043-8941-76BA12B4E813}.Debug|Any CPU.Build.0 = Debug
		{D06B7BC0-638A-4043-8941-76BA12B4E813}.Release|Any CPU.ActiveCfg = Release
		{D06B7BC0-638A-4043-8941-76BA12B4E813}.Release|Any CPU.Build.0 = Release
		{C9577E7C-5012-4886-9210-7F81DAFCC177}.Debug|Any CPU.ActiveCfg = Debug
		{C9577E7C-5012-4886-9210-7F81DAFCC177}.Debug|Any CPU.Build.0 = Debug
		{C9577E7C-5012-4886-9210-7F81DAFCC177}.Release|Any CPU.ActiveCfg = Release
		{C9577E7C-5012-4886-9210-7F81DAFCC177}.Release|Any CPU.Build.0 = Release
		{F9071930-348E-4A30-A0F6-A1A3DF3A587B}.Debug|Any CPU.ActiveCfg = Debug|Any CPU
		{F9071930-348E-4A30-A0F6-A1A3DF3A587B}.Debug|Any CPU.Build.0 = Debug|Any CPU
		{F9071930-348E-4A30-A0F6-A1A3DF3A587B}.Release|Any CPU.ActiveCfg = Release|Any CPU
		{F9071930-348E-4A30-A0F6-A1A3DF3A587B}.Release|Any CPU.Build.0 = Release|Any CPU
		{D6E88E6E-B1B4-46B0-BC93-DDD4785865DF}.Debug|Any CPU.ActiveCfg = Debug|Any CPU
		{D6E88E6E-B1B4-46B0-BC93-DDD4785865DF}.Debug|Any CPU.Build.0 = Debug|Any CPU
		{D6E88E6E-B1B4-46B0-BC93-DDD4785865DF}.Release|Any CPU.ActiveCfg = Release|Any CPU
		{D6E88E6E-B1B4-46B0-BC93-DDD4785865DF}.Release|Any CPU.Build.0 = Release|Any CPU
	EndGlobalSection
	GlobalSection(SolutionProperties) = preSolution
		HideSolutionNode = FALSE
	EndGlobalSection
	GlobalSection(NestedProjects) = preSolution
		{8CB777EB-36ED-45D8-84FF-BDD64AD5026E} = {8BC2F418-26E0-454F-94D1-D32EB2212FCB}
		{E51CB999-A720-4165-9DF2-A3E49547A40B} = {8BC2F418-26E0-454F-94D1-D32EB2212FCB}
		{2FFDBC2D-0F7E-485E-9548-47CDBD7FE3C6} = {19F7D0D1-4317-4F6F-8297-60984AD99BFE}
		{289C4B72-B929-4E3D-808F-F622E275AC70} = {19F7D0D1-4317-4F6F-8297-60984AD99BFE}
		{05D4C0EB-A6B0-4551-AFB0-EAD538D2C3A4} = {D0B15A59-98A0-4839-B321-A48E69101DF7}
		{82DF891A-E0DE-42CB-9941-AF0DFBCDCCDF} = {D0B15A59-98A0-4839-B321-A48E69101DF7}
		{CBCC62ED-16A9-4FB0-9B68-EF715763E5D0} = {D0B15A59-98A0-4839-B321-A48E69101DF7}
		{0313EE78-AD27-47E0-9902-3149046E2F5D} = {D0B15A59-98A0-4839-B321-A48E69101DF7}
		{EADC5454-8DF0-4B0F-B20F-5C36136C054C} = {D0B15A59-98A0-4839-B321-A48E69101DF7}
		{F9071930-348E-4A30-A0F6-A1A3DF3A587B} = {D0B15A59-98A0-4839-B321-A48E69101DF7}
		{D6E88E6E-B1B4-46B0-BC93-DDD4785865DF} = {8BCA40CA-460E-42AE-A44D-0642957B3749}
		{780B03C7-B819-4E62-AD38-E62EB71EA051} = {05D4C0EB-A6B0-4551-AFB0-EAD538D2C3A4}
		{E295B7D0-C466-4121-9F32-DAD06067D7B4} = {05D4C0EB-A6B0-4551-AFB0-EAD538D2C3A4}
		{0A04F05F-EB4D-433C-B81B-51C784C14D31} = {05D4C0EB-A6B0-4551-AFB0-EAD538D2C3A4}
		{D06B7BC0-638A-4043-8941-76BA12B4E813} = {05D4C0EB-A6B0-4551-AFB0-EAD538D2C3A4}
		{C9577E7C-5012-4886-9210-7F81DAFCC177} = {05D4C0EB-A6B0-4551-AFB0-EAD538D2C3A4}
	EndGlobalSection
EndGlobal
